// !$*UTF8*$!
{
	archiveVersion = 1;
	classes = {
	};
	objectVersion = 48;
	objects = {

/* Begin PBXBuildFile section */
		411FDF71204CF93300BCD787 /* InitialsImageView.swift in Sources */ = {isa = PBXBuildFile; fileRef = 411FDF70204CF93300BCD787 /* InitialsImageView.swift */; };
		412CB0352037402D005D1B3F /* NunitoSans-Black.ttf in Resources */ = {isa = PBXBuildFile; fileRef = 412CB0272037402C005D1B3F /* NunitoSans-Black.ttf */; };
		412CB0362037402D005D1B3F /* NunitoSans-LightItalic.ttf in Resources */ = {isa = PBXBuildFile; fileRef = 412CB0282037402C005D1B3F /* NunitoSans-LightItalic.ttf */; };
		412CB0372037402D005D1B3F /* NunitoSans-BoldItalic.ttf in Resources */ = {isa = PBXBuildFile; fileRef = 412CB0292037402C005D1B3F /* NunitoSans-BoldItalic.ttf */; };
		412CB0382037402D005D1B3F /* NunitoSans-SemiBoldItalic.ttf in Resources */ = {isa = PBXBuildFile; fileRef = 412CB02A2037402C005D1B3F /* NunitoSans-SemiBoldItalic.ttf */; };
		412CB0392037402D005D1B3F /* NunitoSans-BlackItalic.ttf in Resources */ = {isa = PBXBuildFile; fileRef = 412CB02B2037402C005D1B3F /* NunitoSans-BlackItalic.ttf */; };
		412CB03A2037402D005D1B3F /* NunitoSans-ExtraLightItalic.ttf in Resources */ = {isa = PBXBuildFile; fileRef = 412CB02C2037402C005D1B3F /* NunitoSans-ExtraLightItalic.ttf */; };
		412CB03B2037402D005D1B3F /* NunitoSans-ExtraBoldItalic.ttf in Resources */ = {isa = PBXBuildFile; fileRef = 412CB02D2037402C005D1B3F /* NunitoSans-ExtraBoldItalic.ttf */; };
		412CB03C2037402D005D1B3F /* NunitoSans-Light.ttf in Resources */ = {isa = PBXBuildFile; fileRef = 412CB02E2037402C005D1B3F /* NunitoSans-Light.ttf */; };
		412CB03D2037402D005D1B3F /* NunitoSans-ExtraBold.ttf in Resources */ = {isa = PBXBuildFile; fileRef = 412CB02F2037402C005D1B3F /* NunitoSans-ExtraBold.ttf */; };
		412CB03E2037402D005D1B3F /* NunitoSans-Italic.ttf in Resources */ = {isa = PBXBuildFile; fileRef = 412CB0302037402C005D1B3F /* NunitoSans-Italic.ttf */; };
		412CB03F2037402D005D1B3F /* NunitoSans-ExtraLight.ttf in Resources */ = {isa = PBXBuildFile; fileRef = 412CB0312037402D005D1B3F /* NunitoSans-ExtraLight.ttf */; };
		412CB0402037402D005D1B3F /* NunitoSans-Regular.ttf in Resources */ = {isa = PBXBuildFile; fileRef = 412CB0322037402D005D1B3F /* NunitoSans-Regular.ttf */; };
		412CB0412037402D005D1B3F /* NunitoSans-Bold.ttf in Resources */ = {isa = PBXBuildFile; fileRef = 412CB0332037402D005D1B3F /* NunitoSans-Bold.ttf */; };
		412CB0422037402D005D1B3F /* NunitoSans-SemiBold.ttf in Resources */ = {isa = PBXBuildFile; fileRef = 412CB0342037402D005D1B3F /* NunitoSans-SemiBold.ttf */; };
		414E7D4C203F2A860088C647 /* NavigationToolbarView.xib in Resources */ = {isa = PBXBuildFile; fileRef = 414E7D4B203F2A860088C647 /* NavigationToolbarView.xib */; };
		414E7D4E203F2B8A0088C647 /* NavigationToolbarView.swift in Sources */ = {isa = PBXBuildFile; fileRef = 414E7D4D203F2B8A0088C647 /* NavigationToolbarView.swift */; };
		41AAC4F9201A9FAD00809C4D /* ListLabelViewController.swift in Sources */ = {isa = PBXBuildFile; fileRef = 41AAC4EB201A9FAC00809C4D /* ListLabelViewController.swift */; };
		41AAC4FA201A9FAD00809C4D /* InboxViewController.swift in Sources */ = {isa = PBXBuildFile; fileRef = 41AAC4EC201A9FAC00809C4D /* InboxViewController.swift */; };
		41AAC4FB201A9FAD00809C4D /* ThreadViewController.swift in Sources */ = {isa = PBXBuildFile; fileRef = 41AAC4ED201A9FAC00809C4D /* ThreadViewController.swift */; };
		41AAC4FC201A9FAD00809C4D /* ActivityViewController.swift in Sources */ = {isa = PBXBuildFile; fileRef = 41AAC4EE201A9FAC00809C4D /* ActivityViewController.swift */; };
		41AAC4FD201A9FAD00809C4D /* DetailThreadViewController.swift in Sources */ = {isa = PBXBuildFile; fileRef = 41AAC4EF201A9FAC00809C4D /* DetailThreadViewController.swift */; };
		41AAC4FE201A9FAD00809C4D /* AttachmentViewController.swift in Sources */ = {isa = PBXBuildFile; fileRef = 41AAC4F0201A9FAC00809C4D /* AttachmentViewController.swift */; };
		41AAC4FF201A9FAD00809C4D /* MoveMailViewController.swift in Sources */ = {isa = PBXBuildFile; fileRef = 41AAC4F1201A9FAC00809C4D /* MoveMailViewController.swift */; };
		41AAC500201A9FAD00809C4D /* TourViewController.swift in Sources */ = {isa = PBXBuildFile; fileRef = 41AAC4F2201A9FAC00809C4D /* TourViewController.swift */; };
		41AAC501201A9FAD00809C4D /* DetailViewController.swift in Sources */ = {isa = PBXBuildFile; fileRef = 41AAC4F3201A9FAC00809C4D /* DetailViewController.swift */; };
		41AAC503201A9FAD00809C4D /* HeaderViewController.swift in Sources */ = {isa = PBXBuildFile; fileRef = 41AAC4F5201A9FAD00809C4D /* HeaderViewController.swift */; };
		41AAC504201A9FAD00809C4D /* ComposeViewController.swift in Sources */ = {isa = PBXBuildFile; fileRef = 41AAC4F6201A9FAD00809C4D /* ComposeViewController.swift */; };
		41AAC505201A9FAD00809C4D /* SignatureViewController.swift in Sources */ = {isa = PBXBuildFile; fileRef = 41AAC4F7201A9FAD00809C4D /* SignatureViewController.swift */; };
		41AAC51A201A9FC300809C4D /* ActivityTableViewCell.swift in Sources */ = {isa = PBXBuildFile; fileRef = 41AAC506201A9FC200809C4D /* ActivityTableViewCell.swift */; };
		41AAC51B201A9FC300809C4D /* DetailGuideView.xib in Resources */ = {isa = PBXBuildFile; fileRef = 41AAC507201A9FC200809C4D /* DetailGuideView.xib */; };
		41AAC51C201A9FC300809C4D /* OpenViewCell.xib in Resources */ = {isa = PBXBuildFile; fileRef = 41AAC508201A9FC200809C4D /* OpenViewCell.xib */; };
		41AAC51D201A9FC300809C4D /* DetailThreadTableViewCell.swift in Sources */ = {isa = PBXBuildFile; fileRef = 41AAC509201A9FC200809C4D /* DetailThreadTableViewCell.swift */; };
		41AAC51E201A9FC300809C4D /* TimerUIPopover.swift in Sources */ = {isa = PBXBuildFile; fileRef = 41AAC50A201A9FC200809C4D /* TimerUIPopover.swift */; };
		41AAC51F201A9FC300809C4D /* OpenUIPopover.swift in Sources */ = {isa = PBXBuildFile; fileRef = 41AAC50B201A9FC200809C4D /* OpenUIPopover.swift */; };
		41AAC520201A9FC300809C4D /* DetailGuideView.swift in Sources */ = {isa = PBXBuildFile; fileRef = 41AAC50C201A9FC200809C4D /* DetailGuideView.swift */; };
		41AAC521201A9FC300809C4D /* TimerUIPopover.xib in Resources */ = {isa = PBXBuildFile; fileRef = 41AAC50D201A9FC200809C4D /* TimerUIPopover.xib */; };
		41AAC522201A9FC300809C4D /* AttachmentTableViewCell.swift in Sources */ = {isa = PBXBuildFile; fileRef = 41AAC50E201A9FC200809C4D /* AttachmentTableViewCell.swift */; };
		41AAC523201A9FC300809C4D /* AttachmentUIPopover.swift in Sources */ = {isa = PBXBuildFile; fileRef = 41AAC50F201A9FC200809C4D /* AttachmentUIPopover.swift */; };
		41AAC524201A9FC300809C4D /* OpenUIPopover.xib in Resources */ = {isa = PBXBuildFile; fileRef = 41AAC510201A9FC200809C4D /* OpenUIPopover.xib */; };
		41AAC525201A9FC300809C4D /* AttachmentUIPopover.xib in Resources */ = {isa = PBXBuildFile; fileRef = 41AAC511201A9FC200809C4D /* AttachmentUIPopover.xib */; };
		41AAC526201A9FC300809C4D /* GenericUIPopover.xib in Resources */ = {isa = PBXBuildFile; fileRef = 41AAC512201A9FC300809C4D /* GenericUIPopover.xib */; };
		41AAC527201A9FC300809C4D /* CriptextSpinner.swift in Sources */ = {isa = PBXBuildFile; fileRef = 41AAC513201A9FC300809C4D /* CriptextSpinner.swift */; };
		41AAC528201A9FC300809C4D /* DetailThreadTableViewCell.xib in Resources */ = {isa = PBXBuildFile; fileRef = 41AAC514201A9FC300809C4D /* DetailThreadTableViewCell.xib */; };
		41AAC529201A9FC300809C4D /* GenericUIPopover.swift in Sources */ = {isa = PBXBuildFile; fileRef = 41AAC515201A9FC300809C4D /* GenericUIPopover.swift */; };
		41AAC52A201A9FC300809C4D /* GoogleButton.swift in Sources */ = {isa = PBXBuildFile; fileRef = 41AAC516201A9FC300809C4D /* GoogleButton.swift */; };
		41AAC52B201A9FC300809C4D /* GoogleButton.xib in Resources */ = {isa = PBXBuildFile; fileRef = 41AAC517201A9FC300809C4D /* GoogleButton.xib */; };
		41AAC52C201A9FC300809C4D /* InboxTableViewCell.swift in Sources */ = {isa = PBXBuildFile; fileRef = 41AAC518201A9FC300809C4D /* InboxTableViewCell.swift */; };
		41AAC52D201A9FC300809C4D /* MoveMailTableViewCell.swift in Sources */ = {isa = PBXBuildFile; fileRef = 41AAC519201A9FC300809C4D /* MoveMailTableViewCell.swift */; };
		41AAC537201A9FCD00809C4D /* Email.swift in Sources */ = {isa = PBXBuildFile; fileRef = 41AAC52E201A9FCC00809C4D /* Email.swift */; };
		41AAC538201A9FCD00809C4D /* Attachment.swift in Sources */ = {isa = PBXBuildFile; fileRef = 41AAC52F201A9FCC00809C4D /* Attachment.swift */; };
		41AAC539201A9FCD00809C4D /* Contact.swift in Sources */ = {isa = PBXBuildFile; fileRef = 41AAC530201A9FCD00809C4D /* Contact.swift */; };
		41AAC53A201A9FCD00809C4D /* Activity.swift in Sources */ = {isa = PBXBuildFile; fileRef = 41AAC531201A9FCD00809C4D /* Activity.swift */; };
		41AAC53B201A9FCD00809C4D /* User.swift in Sources */ = {isa = PBXBuildFile; fileRef = 41AAC532201A9FCD00809C4D /* User.swift */; };
		41AAC53C201A9FCD00809C4D /* URLActivityItemProvider.swift in Sources */ = {isa = PBXBuildFile; fileRef = 41AAC533201A9FCD00809C4D /* URLActivityItemProvider.swift */; };
		41AAC53D201A9FCD00809C4D /* ShareActivityItemProvider.swift in Sources */ = {isa = PBXBuildFile; fileRef = 41AAC534201A9FCD00809C4D /* ShareActivityItemProvider.swift */; };
		41AAC53E201A9FCD00809C4D /* Open.swift in Sources */ = {isa = PBXBuildFile; fileRef = 41AAC535201A9FCD00809C4D /* Open.swift */; };
		41AAC53F201A9FCD00809C4D /* PreviewItem.swift in Sources */ = {isa = PBXBuildFile; fileRef = 41AAC536201A9FCD00809C4D /* PreviewItem.swift */; };
		41AAC541201A9FF500809C4D /* APIManager.swift in Sources */ = {isa = PBXBuildFile; fileRef = 41AAC540201A9FF500809C4D /* APIManager.swift */; };
		41AAC543201AA00000809C4D /* ContactManager.swift in Sources */ = {isa = PBXBuildFile; fileRef = 41AAC542201AA00000809C4D /* ContactManager.swift */; };
		41AAC545201AA01500809C4D /* DBManager.swift in Sources */ = {isa = PBXBuildFile; fileRef = 41AAC544201AA01400809C4D /* DBManager.swift */; };
		41AAC547201AA01F00809C4D /* Extensions.swift in Sources */ = {isa = PBXBuildFile; fileRef = 41AAC546201AA01F00809C4D /* Extensions.swift */; };
		41AAC549201AA02C00809C4D /* editor-style.css in Resources */ = {isa = PBXBuildFile; fileRef = 41AAC548201AA02C00809C4D /* editor-style.css */; };
		41AAC54B201AA03E00809C4D /* showmore.png in Resources */ = {isa = PBXBuildFile; fileRef = 41AAC54A201AA03E00809C4D /* showmore.png */; };
		41AAC54D201AA05000809C4D /* GoogleService-Info.plist in Resources */ = {isa = PBXBuildFile; fileRef = 41AAC54C201AA04F00809C4D /* GoogleService-Info.plist */; };
		41AAC54F201AA05E00809C4D /* mark_read.png in Resources */ = {isa = PBXBuildFile; fileRef = 41AAC54E201AA05E00809C4D /* mark_read.png */; };
		41AAC551201AA06500809C4D /* mark_unread.png in Resources */ = {isa = PBXBuildFile; fileRef = 41AAC550201AA06500809C4D /* mark_unread.png */; };
		41AAC553201AA06F00809C4D /* MCOMessageViewScript.js in Resources */ = {isa = PBXBuildFile; fileRef = 41AAC552201AA06F00809C4D /* MCOMessageViewScript.js */; };
		41AAC557201AA08500809C4D /* DateUtils.m in Sources */ = {isa = PBXBuildFile; fileRef = 41AAC555201AA08500809C4D /* DateUtils.m */; };
		41AAC55C201B927E00809C4D /* KMAccordionTableViewController.m in Sources */ = {isa = PBXBuildFile; fileRef = 41AAC55A201B927E00809C4D /* KMAccordionTableViewController.m */; };
		41AAC562201B92A400809C4D /* KMSection.m in Sources */ = {isa = PBXBuildFile; fileRef = 41AAC55E201B92A400809C4D /* KMSection.m */; };
		41AAC563201B92A400809C4D /* KMAppearence.m in Sources */ = {isa = PBXBuildFile; fileRef = 41AAC55F201B92A400809C4D /* KMAppearence.m */; };
		41AAC569201B92CC00809C4D /* KMSectionHeaderView.xib in Resources */ = {isa = PBXBuildFile; fileRef = 41AAC566201B92CC00809C4D /* KMSectionHeaderView.xib */; };
		41AAC56A201B92CC00809C4D /* KMSectionHeaderView.m in Sources */ = {isa = PBXBuildFile; fileRef = 41AAC568201B92CC00809C4D /* KMSectionHeaderView.m */; };
		41B6AAB02017987500D428B7 /* AppDelegate.swift in Sources */ = {isa = PBXBuildFile; fileRef = 41B6AAAF2017987500D428B7 /* AppDelegate.swift */; };
		41B6AAB52017987500D428B7 /* Main.storyboard in Resources */ = {isa = PBXBuildFile; fileRef = 41B6AAB32017987500D428B7 /* Main.storyboard */; };
		41B6AAB72017987500D428B7 /* Assets.xcassets in Resources */ = {isa = PBXBuildFile; fileRef = 41B6AAB62017987500D428B7 /* Assets.xcassets */; };
		41B6AABA2017987500D428B7 /* LaunchScreen.storyboard in Resources */ = {isa = PBXBuildFile; fileRef = 41B6AAB82017987500D428B7 /* LaunchScreen.storyboard */; };
		41B6AAC52017987500D428B7 /* iOS_Email_ClientTests.swift in Sources */ = {isa = PBXBuildFile; fileRef = 41B6AAC42017987500D428B7 /* iOS_Email_ClientTests.swift */; };
		7C147B43203C9676004823DE /* SignalProtocolFramework.framework in Frameworks */ = {isa = PBXBuildFile; fileRef = 7C147B42203C9676004823DE /* SignalProtocolFramework.framework */; };
		7C147B44203C9676004823DE /* SignalProtocolFramework.framework in Embed Frameworks */ = {isa = PBXBuildFile; fileRef = 7C147B42203C9676004823DE /* SignalProtocolFramework.framework */; settings = {ATTRIBUTES = (CodeSignOnCopy, RemoveHeadersOnCopy, ); }; };
		7C154FD1204DE76B00D72F6E /* CriptextAxolotlStore.swift in Sources */ = {isa = PBXBuildFile; fileRef = 7C154FD0204DE76B00D72F6E /* CriptextAxolotlStore.swift */; };
		7C154FD3204DEBAF00D72F6E /* Account.swift in Sources */ = {isa = PBXBuildFile; fileRef = 7C154FD2204DEBAF00D72F6E /* Account.swift */; };
		7C34E5FB20470D2100E71906 /* EmailDetailData.swift in Sources */ = {isa = PBXBuildFile; fileRef = 7C34E5FA20470D2100E71906 /* EmailDetailData.swift */; };
		7C34E5FD204716BD00E71906 /* EmailDetail.swift in Sources */ = {isa = PBXBuildFile; fileRef = 7C34E5FC204716BD00E71906 /* EmailDetail.swift */; };
		7C34E5FF2048BCBA00E71906 /* ReplyDetailUIView.swift in Sources */ = {isa = PBXBuildFile; fileRef = 7C34E5FE2048BCBA00E71906 /* ReplyDetailUIView.swift */; };
		7C34E6052049E84500E71906 /* EmailDetailFooterCell.swift in Sources */ = {isa = PBXBuildFile; fileRef = 7C34E6042049E84500E71906 /* EmailDetailFooterCell.swift */; };
		7C34E607204A0F6A00E71906 /* EmailDetailTableCell.xib in Resources */ = {isa = PBXBuildFile; fileRef = 7C34E606204A0F6900E71906 /* EmailDetailTableCell.xib */; };
		7C4D4FEB203DDEF400DF6E4E /* CRPreKeyRecord.swift in Sources */ = {isa = PBXBuildFile; fileRef = 7C4D4FEA203DDEF400DF6E4E /* CRPreKeyRecord.swift */; };
		7C4D4FED203DFFD700DF6E4E /* CounterLabelUIView.swift in Sources */ = {isa = PBXBuildFile; fileRef = 7C4D4FEC203DFFD700DF6E4E /* CounterLabelUIView.swift */; };
		7C50C691202E12C000FED2E8 /* CreatingAccountViewController.swift in Sources */ = {isa = PBXBuildFile; fileRef = 7C50C690202E12C000FED2E8 /* CreatingAccountViewController.swift */; };
		7C50C693202E3A3000FED2E8 /* TipUIView.swift in Sources */ = {isa = PBXBuildFile; fileRef = 7C50C692202E3A3000FED2E8 /* TipUIView.swift */; };
		7C8A9AED2052E9CA0096EEB8 /* CriptextDrawerController.swift in Sources */ = {isa = PBXBuildFile; fileRef = 7C8A9AEC2052E9C90096EEB8 /* CriptextDrawerController.swift */; };
		7C8D6C642034A4D800AB96EF /* StatusTextField.swift in Sources */ = {isa = PBXBuildFile; fileRef = 7C8D6C632034A4D800AB96EF /* StatusTextField.swift */; };
		7C8D6C662034D1D600AB96EF /* WebViewViewController.swift in Sources */ = {isa = PBXBuildFile; fileRef = 7C8D6C652034D1D600AB96EF /* WebViewViewController.swift */; };
		7C8D6C682035F42B00AB96EF /* CircleBackButton.swift in Sources */ = {isa = PBXBuildFile; fileRef = 7C8D6C672035F42B00AB96EF /* CircleBackButton.swift */; };
		7C8D6C6A2035FCD700AB96EF /* LoginDeviceViewController.swift in Sources */ = {isa = PBXBuildFile; fileRef = 7C8D6C692035FCD700AB96EF /* LoginDeviceViewController.swift */; };
		7C8D6C6C2036008700AB96EF /* DotsProgressUIView.swift in Sources */ = {isa = PBXBuildFile; fileRef = 7C8D6C6B2036008700AB96EF /* DotsProgressUIView.swift */; };
		7C8D6C6E20362F8600AB96EF /* ResetDeviceViewController.swift in Sources */ = {isa = PBXBuildFile; fileRef = 7C8D6C6D20362F8600AB96EF /* ResetDeviceViewController.swift */; };
		7C8D6C702036491100AB96EF /* LoginData.swift in Sources */ = {isa = PBXBuildFile; fileRef = 7C8D6C6F2036491100AB96EF /* LoginData.swift */; };
		7C8D6C7220371FA500AB96EF /* ConnectDeviceViewController.swift in Sources */ = {isa = PBXBuildFile; fileRef = 7C8D6C7120371FA500AB96EF /* ConnectDeviceViewController.swift */; };
		7C8D6C74203735E000AB96EF /* Constants.swift in Sources */ = {isa = PBXBuildFile; fileRef = 7C8D6C73203735E000AB96EF /* Constants.swift */; };
		7C8D6C762038C1C200AB96EF /* ProgressArrowUIView.swift in Sources */ = {isa = PBXBuildFile; fileRef = 7C8D6C752038C1C200AB96EF /* ProgressArrowUIView.swift */; };
		7C8F1B69203C7A3500D30DCC /* SignUpData.swift in Sources */ = {isa = PBXBuildFile; fileRef = 7C8F1B68203C7A3500D30DCC /* SignUpData.swift */; };
		7CA794B7204F30AB000AC986 /* CRSessionRecord.swift in Sources */ = {isa = PBXBuildFile; fileRef = 7CA794B6204F30AB000AC986 /* CRSessionRecord.swift */; };
		7CA794B9204F3B2A000AC986 /* CRTrustedDevice.swift in Sources */ = {isa = PBXBuildFile; fileRef = 7CA794B8204F3B2A000AC986 /* CRTrustedDevice.swift */; };
		7CBD20BE2024B09F00D70B87 /* Login.storyboard in Resources */ = {isa = PBXBuildFile; fileRef = 7CBD20BD2024B09F00D70B87 /* Login.storyboard */; };
		7CBD20C12024BCD700D70B87 /* NewLoginViewController.swift in Sources */ = {isa = PBXBuildFile; fileRef = 7CBD20C02024BCD700D70B87 /* NewLoginViewController.swift */; };
		7CBD20C52025141F00D70B87 /* GradientUIView.swift in Sources */ = {isa = PBXBuildFile; fileRef = 7CBD20C42025141F00D70B87 /* GradientUIView.swift */; };
		7CBD20C7202A367B00D70B87 /* SignUpViewController.swift in Sources */ = {isa = PBXBuildFile; fileRef = 7CBD20C6202A367B00D70B87 /* SignUpViewController.swift */; };
		7CDAD2682040A9FE0080A32C /* CriptextSessionStore.swift in Sources */ = {isa = PBXBuildFile; fileRef = 7CDAD2672040A9FE0080A32C /* CriptextSessionStore.swift */; };
		7CDAD26A2040B80A0080A32C /* CriptextPreKeyStore.swift in Sources */ = {isa = PBXBuildFile; fileRef = 7CDAD2692040B80A0080A32C /* CriptextPreKeyStore.swift */; };
		7CDAD26C2040BAF40080A32C /* CriptextSignedPreKeyStore.swift in Sources */ = {isa = PBXBuildFile; fileRef = 7CDAD26B2040BAF40080A32C /* CriptextSignedPreKeyStore.swift */; };
		7CDAD26E2040BE340080A32C /* CriptextIdentityKeyStore.swift in Sources */ = {isa = PBXBuildFile; fileRef = 7CDAD26D2040BE340080A32C /* CriptextIdentityKeyStore.swift */; };
		7CDAD27320449A730080A32C /* CRSignedPreKeyRecord.swift in Sources */ = {isa = PBXBuildFile; fileRef = 7CDAD27220449A730080A32C /* CRSignedPreKeyRecord.swift */; };
		7CDB465C203E2FF2007C9637 /* FeedTableViewCell.swift in Sources */ = {isa = PBXBuildFile; fileRef = 7CDB465B203E2FF2007C9637 /* FeedTableViewCell.swift */; };
		7CDB465E203E336A007C9637 /* FeedViewController.swift in Sources */ = {isa = PBXBuildFile; fileRef = 7CDB465D203E336A007C9637 /* FeedViewController.swift */; };
		7CDB4660203F0C2A007C9637 /* FeedsData.swift in Sources */ = {isa = PBXBuildFile; fileRef = 7CDB465F203F0C2A007C9637 /* FeedsData.swift */; };
		7CDB4662203F0C9F007C9637 /* Feed.swift in Sources */ = {isa = PBXBuildFile; fileRef = 7CDB4661203F0C9F007C9637 /* Feed.swift */; };
		7CF0CFD320460DD200781DE6 /* EmailDetailViewController.swift in Sources */ = {isa = PBXBuildFile; fileRef = 7CF0CFD220460DD200781DE6 /* EmailDetailViewController.swift */; };
		7CF0CFD5204611D300781DE6 /* EmailTableViewCell.swift in Sources */ = {isa = PBXBuildFile; fileRef = 7CF0CFD4204611D300781DE6 /* EmailTableViewCell.swift */; };
		7CFBD99F204DA80300A7786D /* TableEndViewCell.xib in Resources */ = {isa = PBXBuildFile; fileRef = 7CFBD99E204DA80300A7786D /* TableEndViewCell.xib */; };
		7CFBD9A1204DA97500A7786D /* TableEndViewCell.swift in Sources */ = {isa = PBXBuildFile; fileRef = 7CFBD9A0204DA97500A7786D /* TableEndViewCell.swift */; };
		954BDB0420486AF9009ED8F1 /* ContactTableViewCell.swift in Sources */ = {isa = PBXBuildFile; fileRef = 954BDB0320486AF9009ED8F1 /* ContactTableViewCell.swift */; };
		EAB481D0ACDA898C93651917 /* Pods_iOS_Email_Client.framework in Frameworks */ = {isa = PBXBuildFile; fileRef = 14D83764688122B88256F2F6 /* Pods_iOS_Email_Client.framework */; };
/* End PBXBuildFile section */

/* Begin PBXContainerItemProxy section */
		41B6AAC12017987500D428B7 /* PBXContainerItemProxy */ = {
			isa = PBXContainerItemProxy;
			containerPortal = 41B6AAA42017987500D428B7 /* Project object */;
			proxyType = 1;
			remoteGlobalIDString = 41B6AAAB2017987500D428B7;
			remoteInfo = "iOS-Email-Client";
		};
/* End PBXContainerItemProxy section */

/* Begin PBXCopyFilesBuildPhase section */
		7C147B45203C9676004823DE /* Embed Frameworks */ = {
			isa = PBXCopyFilesBuildPhase;
			buildActionMask = 2147483647;
			dstPath = "";
			dstSubfolderSpec = 10;
			files = (
				7C147B44203C9676004823DE /* SignalProtocolFramework.framework in Embed Frameworks */,
			);
			name = "Embed Frameworks";
			runOnlyForDeploymentPostprocessing = 0;
		};
/* End PBXCopyFilesBuildPhase section */

/* Begin PBXFileReference section */
		14D83764688122B88256F2F6 /* Pods_iOS_Email_Client.framework */ = {isa = PBXFileReference; explicitFileType = wrapper.framework; includeInIndex = 0; path = Pods_iOS_Email_Client.framework; sourceTree = BUILT_PRODUCTS_DIR; };
		411FDF70204CF93300BCD787 /* InitialsImageView.swift */ = {isa = PBXFileReference; lastKnownFileType = sourcecode.swift; path = InitialsImageView.swift; sourceTree = "<group>"; };
		412CB0272037402C005D1B3F /* NunitoSans-Black.ttf */ = {isa = PBXFileReference; lastKnownFileType = file; path = "NunitoSans-Black.ttf"; sourceTree = "<group>"; };
		412CB0282037402C005D1B3F /* NunitoSans-LightItalic.ttf */ = {isa = PBXFileReference; lastKnownFileType = file; path = "NunitoSans-LightItalic.ttf"; sourceTree = "<group>"; };
		412CB0292037402C005D1B3F /* NunitoSans-BoldItalic.ttf */ = {isa = PBXFileReference; lastKnownFileType = file; path = "NunitoSans-BoldItalic.ttf"; sourceTree = "<group>"; };
		412CB02A2037402C005D1B3F /* NunitoSans-SemiBoldItalic.ttf */ = {isa = PBXFileReference; lastKnownFileType = file; path = "NunitoSans-SemiBoldItalic.ttf"; sourceTree = "<group>"; };
		412CB02B2037402C005D1B3F /* NunitoSans-BlackItalic.ttf */ = {isa = PBXFileReference; lastKnownFileType = file; path = "NunitoSans-BlackItalic.ttf"; sourceTree = "<group>"; };
		412CB02C2037402C005D1B3F /* NunitoSans-ExtraLightItalic.ttf */ = {isa = PBXFileReference; lastKnownFileType = file; path = "NunitoSans-ExtraLightItalic.ttf"; sourceTree = "<group>"; };
		412CB02D2037402C005D1B3F /* NunitoSans-ExtraBoldItalic.ttf */ = {isa = PBXFileReference; lastKnownFileType = file; path = "NunitoSans-ExtraBoldItalic.ttf"; sourceTree = "<group>"; };
		412CB02E2037402C005D1B3F /* NunitoSans-Light.ttf */ = {isa = PBXFileReference; lastKnownFileType = file; path = "NunitoSans-Light.ttf"; sourceTree = "<group>"; };
		412CB02F2037402C005D1B3F /* NunitoSans-ExtraBold.ttf */ = {isa = PBXFileReference; lastKnownFileType = file; path = "NunitoSans-ExtraBold.ttf"; sourceTree = "<group>"; };
		412CB0302037402C005D1B3F /* NunitoSans-Italic.ttf */ = {isa = PBXFileReference; lastKnownFileType = file; path = "NunitoSans-Italic.ttf"; sourceTree = "<group>"; };
		412CB0312037402D005D1B3F /* NunitoSans-ExtraLight.ttf */ = {isa = PBXFileReference; lastKnownFileType = file; path = "NunitoSans-ExtraLight.ttf"; sourceTree = "<group>"; };
		412CB0322037402D005D1B3F /* NunitoSans-Regular.ttf */ = {isa = PBXFileReference; lastKnownFileType = file; path = "NunitoSans-Regular.ttf"; sourceTree = "<group>"; };
		412CB0332037402D005D1B3F /* NunitoSans-Bold.ttf */ = {isa = PBXFileReference; lastKnownFileType = file; path = "NunitoSans-Bold.ttf"; sourceTree = "<group>"; };
		412CB0342037402D005D1B3F /* NunitoSans-SemiBold.ttf */ = {isa = PBXFileReference; lastKnownFileType = file; path = "NunitoSans-SemiBold.ttf"; sourceTree = "<group>"; };
		414E7D4B203F2A860088C647 /* NavigationToolbarView.xib */ = {isa = PBXFileReference; lastKnownFileType = file.xib; path = NavigationToolbarView.xib; sourceTree = "<group>"; };
		414E7D4D203F2B8A0088C647 /* NavigationToolbarView.swift */ = {isa = PBXFileReference; lastKnownFileType = sourcecode.swift; path = NavigationToolbarView.swift; sourceTree = "<group>"; };
		41AAC4EB201A9FAC00809C4D /* ListLabelViewController.swift */ = {isa = PBXFileReference; fileEncoding = 4; lastKnownFileType = sourcecode.swift; path = ListLabelViewController.swift; sourceTree = "<group>"; };
		41AAC4EC201A9FAC00809C4D /* InboxViewController.swift */ = {isa = PBXFileReference; fileEncoding = 4; lastKnownFileType = sourcecode.swift; path = InboxViewController.swift; sourceTree = "<group>"; };
		41AAC4ED201A9FAC00809C4D /* ThreadViewController.swift */ = {isa = PBXFileReference; fileEncoding = 4; lastKnownFileType = sourcecode.swift; path = ThreadViewController.swift; sourceTree = "<group>"; };
		41AAC4EE201A9FAC00809C4D /* ActivityViewController.swift */ = {isa = PBXFileReference; fileEncoding = 4; lastKnownFileType = sourcecode.swift; path = ActivityViewController.swift; sourceTree = "<group>"; };
		41AAC4EF201A9FAC00809C4D /* DetailThreadViewController.swift */ = {isa = PBXFileReference; fileEncoding = 4; lastKnownFileType = sourcecode.swift; path = DetailThreadViewController.swift; sourceTree = "<group>"; };
		41AAC4F0201A9FAC00809C4D /* AttachmentViewController.swift */ = {isa = PBXFileReference; fileEncoding = 4; lastKnownFileType = sourcecode.swift; path = AttachmentViewController.swift; sourceTree = "<group>"; };
		41AAC4F1201A9FAC00809C4D /* MoveMailViewController.swift */ = {isa = PBXFileReference; fileEncoding = 4; lastKnownFileType = sourcecode.swift; path = MoveMailViewController.swift; sourceTree = "<group>"; };
		41AAC4F2201A9FAC00809C4D /* TourViewController.swift */ = {isa = PBXFileReference; fileEncoding = 4; lastKnownFileType = sourcecode.swift; path = TourViewController.swift; sourceTree = "<group>"; };
		41AAC4F3201A9FAC00809C4D /* DetailViewController.swift */ = {isa = PBXFileReference; fileEncoding = 4; lastKnownFileType = sourcecode.swift; path = DetailViewController.swift; sourceTree = "<group>"; };
		41AAC4F5201A9FAD00809C4D /* HeaderViewController.swift */ = {isa = PBXFileReference; fileEncoding = 4; lastKnownFileType = sourcecode.swift; path = HeaderViewController.swift; sourceTree = "<group>"; };
		41AAC4F6201A9FAD00809C4D /* ComposeViewController.swift */ = {isa = PBXFileReference; fileEncoding = 4; lastKnownFileType = sourcecode.swift; path = ComposeViewController.swift; sourceTree = "<group>"; };
		41AAC4F7201A9FAD00809C4D /* SignatureViewController.swift */ = {isa = PBXFileReference; fileEncoding = 4; lastKnownFileType = sourcecode.swift; path = SignatureViewController.swift; sourceTree = "<group>"; };
		41AAC506201A9FC200809C4D /* ActivityTableViewCell.swift */ = {isa = PBXFileReference; fileEncoding = 4; lastKnownFileType = sourcecode.swift; path = ActivityTableViewCell.swift; sourceTree = "<group>"; };
		41AAC507201A9FC200809C4D /* DetailGuideView.xib */ = {isa = PBXFileReference; fileEncoding = 4; lastKnownFileType = file.xib; path = DetailGuideView.xib; sourceTree = "<group>"; };
		41AAC508201A9FC200809C4D /* OpenViewCell.xib */ = {isa = PBXFileReference; fileEncoding = 4; lastKnownFileType = file.xib; path = OpenViewCell.xib; sourceTree = "<group>"; };
		41AAC509201A9FC200809C4D /* DetailThreadTableViewCell.swift */ = {isa = PBXFileReference; fileEncoding = 4; lastKnownFileType = sourcecode.swift; path = DetailThreadTableViewCell.swift; sourceTree = "<group>"; };
		41AAC50A201A9FC200809C4D /* TimerUIPopover.swift */ = {isa = PBXFileReference; fileEncoding = 4; lastKnownFileType = sourcecode.swift; path = TimerUIPopover.swift; sourceTree = "<group>"; };
		41AAC50B201A9FC200809C4D /* OpenUIPopover.swift */ = {isa = PBXFileReference; fileEncoding = 4; lastKnownFileType = sourcecode.swift; path = OpenUIPopover.swift; sourceTree = "<group>"; };
		41AAC50C201A9FC200809C4D /* DetailGuideView.swift */ = {isa = PBXFileReference; fileEncoding = 4; lastKnownFileType = sourcecode.swift; path = DetailGuideView.swift; sourceTree = "<group>"; };
		41AAC50D201A9FC200809C4D /* TimerUIPopover.xib */ = {isa = PBXFileReference; fileEncoding = 4; lastKnownFileType = file.xib; path = TimerUIPopover.xib; sourceTree = "<group>"; };
		41AAC50E201A9FC200809C4D /* AttachmentTableViewCell.swift */ = {isa = PBXFileReference; fileEncoding = 4; lastKnownFileType = sourcecode.swift; path = AttachmentTableViewCell.swift; sourceTree = "<group>"; };
		41AAC50F201A9FC200809C4D /* AttachmentUIPopover.swift */ = {isa = PBXFileReference; fileEncoding = 4; lastKnownFileType = sourcecode.swift; path = AttachmentUIPopover.swift; sourceTree = "<group>"; };
		41AAC510201A9FC200809C4D /* OpenUIPopover.xib */ = {isa = PBXFileReference; fileEncoding = 4; lastKnownFileType = file.xib; path = OpenUIPopover.xib; sourceTree = "<group>"; };
		41AAC511201A9FC200809C4D /* AttachmentUIPopover.xib */ = {isa = PBXFileReference; fileEncoding = 4; lastKnownFileType = file.xib; path = AttachmentUIPopover.xib; sourceTree = "<group>"; };
		41AAC512201A9FC300809C4D /* GenericUIPopover.xib */ = {isa = PBXFileReference; fileEncoding = 4; lastKnownFileType = file.xib; path = GenericUIPopover.xib; sourceTree = "<group>"; };
		41AAC513201A9FC300809C4D /* CriptextSpinner.swift */ = {isa = PBXFileReference; fileEncoding = 4; lastKnownFileType = sourcecode.swift; path = CriptextSpinner.swift; sourceTree = "<group>"; };
		41AAC514201A9FC300809C4D /* DetailThreadTableViewCell.xib */ = {isa = PBXFileReference; fileEncoding = 4; lastKnownFileType = file.xib; path = DetailThreadTableViewCell.xib; sourceTree = "<group>"; };
		41AAC515201A9FC300809C4D /* GenericUIPopover.swift */ = {isa = PBXFileReference; fileEncoding = 4; lastKnownFileType = sourcecode.swift; path = GenericUIPopover.swift; sourceTree = "<group>"; };
		41AAC516201A9FC300809C4D /* GoogleButton.swift */ = {isa = PBXFileReference; fileEncoding = 4; lastKnownFileType = sourcecode.swift; path = GoogleButton.swift; sourceTree = "<group>"; };
		41AAC517201A9FC300809C4D /* GoogleButton.xib */ = {isa = PBXFileReference; fileEncoding = 4; lastKnownFileType = file.xib; path = GoogleButton.xib; sourceTree = "<group>"; };
		41AAC518201A9FC300809C4D /* InboxTableViewCell.swift */ = {isa = PBXFileReference; fileEncoding = 4; lastKnownFileType = sourcecode.swift; path = InboxTableViewCell.swift; sourceTree = "<group>"; };
		41AAC519201A9FC300809C4D /* MoveMailTableViewCell.swift */ = {isa = PBXFileReference; fileEncoding = 4; lastKnownFileType = sourcecode.swift; path = MoveMailTableViewCell.swift; sourceTree = "<group>"; };
		41AAC52E201A9FCC00809C4D /* Email.swift */ = {isa = PBXFileReference; fileEncoding = 4; lastKnownFileType = sourcecode.swift; path = Email.swift; sourceTree = "<group>"; };
		41AAC52F201A9FCC00809C4D /* Attachment.swift */ = {isa = PBXFileReference; fileEncoding = 4; lastKnownFileType = sourcecode.swift; path = Attachment.swift; sourceTree = "<group>"; };
		41AAC530201A9FCD00809C4D /* Contact.swift */ = {isa = PBXFileReference; fileEncoding = 4; lastKnownFileType = sourcecode.swift; path = Contact.swift; sourceTree = "<group>"; };
		41AAC531201A9FCD00809C4D /* Activity.swift */ = {isa = PBXFileReference; fileEncoding = 4; lastKnownFileType = sourcecode.swift; path = Activity.swift; sourceTree = "<group>"; };
		41AAC532201A9FCD00809C4D /* User.swift */ = {isa = PBXFileReference; fileEncoding = 4; lastKnownFileType = sourcecode.swift; path = User.swift; sourceTree = "<group>"; };
		41AAC533201A9FCD00809C4D /* URLActivityItemProvider.swift */ = {isa = PBXFileReference; fileEncoding = 4; lastKnownFileType = sourcecode.swift; path = URLActivityItemProvider.swift; sourceTree = "<group>"; };
		41AAC534201A9FCD00809C4D /* ShareActivityItemProvider.swift */ = {isa = PBXFileReference; fileEncoding = 4; lastKnownFileType = sourcecode.swift; path = ShareActivityItemProvider.swift; sourceTree = "<group>"; };
		41AAC535201A9FCD00809C4D /* Open.swift */ = {isa = PBXFileReference; fileEncoding = 4; lastKnownFileType = sourcecode.swift; path = Open.swift; sourceTree = "<group>"; };
		41AAC536201A9FCD00809C4D /* PreviewItem.swift */ = {isa = PBXFileReference; fileEncoding = 4; lastKnownFileType = sourcecode.swift; path = PreviewItem.swift; sourceTree = "<group>"; };
		41AAC540201A9FF500809C4D /* APIManager.swift */ = {isa = PBXFileReference; fileEncoding = 4; lastKnownFileType = sourcecode.swift; path = APIManager.swift; sourceTree = "<group>"; };
		41AAC542201AA00000809C4D /* ContactManager.swift */ = {isa = PBXFileReference; fileEncoding = 4; lastKnownFileType = sourcecode.swift; path = ContactManager.swift; sourceTree = "<group>"; };
		41AAC544201AA01400809C4D /* DBManager.swift */ = {isa = PBXFileReference; fileEncoding = 4; lastKnownFileType = sourcecode.swift; path = DBManager.swift; sourceTree = "<group>"; };
		41AAC546201AA01F00809C4D /* Extensions.swift */ = {isa = PBXFileReference; fileEncoding = 4; lastKnownFileType = sourcecode.swift; path = Extensions.swift; sourceTree = "<group>"; };
		41AAC548201AA02C00809C4D /* editor-style.css */ = {isa = PBXFileReference; fileEncoding = 4; lastKnownFileType = text.css; path = "editor-style.css"; sourceTree = "<group>"; };
		41AAC54A201AA03E00809C4D /* showmore.png */ = {isa = PBXFileReference; lastKnownFileType = image.png; path = showmore.png; sourceTree = "<group>"; };
		41AAC54C201AA04F00809C4D /* GoogleService-Info.plist */ = {isa = PBXFileReference; fileEncoding = 4; lastKnownFileType = text.plist.xml; path = "GoogleService-Info.plist"; sourceTree = "<group>"; };
		41AAC54E201AA05E00809C4D /* mark_read.png */ = {isa = PBXFileReference; lastKnownFileType = image.png; path = mark_read.png; sourceTree = "<group>"; };
		41AAC550201AA06500809C4D /* mark_unread.png */ = {isa = PBXFileReference; lastKnownFileType = image.png; path = mark_unread.png; sourceTree = "<group>"; };
		41AAC552201AA06F00809C4D /* MCOMessageViewScript.js */ = {isa = PBXFileReference; fileEncoding = 4; lastKnownFileType = sourcecode.javascript; path = MCOMessageViewScript.js; sourceTree = "<group>"; };
		41AAC554201AA08400809C4D /* iOS-Email-Client-Bridging-Header.h */ = {isa = PBXFileReference; lastKnownFileType = sourcecode.c.h; path = "iOS-Email-Client-Bridging-Header.h"; sourceTree = "<group>"; };
		41AAC555201AA08500809C4D /* DateUtils.m */ = {isa = PBXFileReference; fileEncoding = 4; lastKnownFileType = sourcecode.c.objc; path = DateUtils.m; sourceTree = "<group>"; };
		41AAC556201AA08500809C4D /* DateUtils.h */ = {isa = PBXFileReference; fileEncoding = 4; lastKnownFileType = sourcecode.c.h; path = DateUtils.h; sourceTree = "<group>"; };
		41AAC55A201B927E00809C4D /* KMAccordionTableViewController.m */ = {isa = PBXFileReference; fileEncoding = 4; lastKnownFileType = sourcecode.c.objc; path = KMAccordionTableViewController.m; sourceTree = "<group>"; };
		41AAC55B201B927E00809C4D /* KMAccordionTableViewController.h */ = {isa = PBXFileReference; fileEncoding = 4; lastKnownFileType = sourcecode.c.h; path = KMAccordionTableViewController.h; sourceTree = "<group>"; };
		41AAC55E201B92A400809C4D /* KMSection.m */ = {isa = PBXFileReference; fileEncoding = 4; lastKnownFileType = sourcecode.c.objc; path = KMSection.m; sourceTree = "<group>"; };
		41AAC55F201B92A400809C4D /* KMAppearence.m */ = {isa = PBXFileReference; fileEncoding = 4; lastKnownFileType = sourcecode.c.objc; path = KMAppearence.m; sourceTree = "<group>"; };
		41AAC560201B92A400809C4D /* KMAppearence.h */ = {isa = PBXFileReference; fileEncoding = 4; lastKnownFileType = sourcecode.c.h; path = KMAppearence.h; sourceTree = "<group>"; };
		41AAC561201B92A400809C4D /* KMSection.h */ = {isa = PBXFileReference; fileEncoding = 4; lastKnownFileType = sourcecode.c.h; path = KMSection.h; sourceTree = "<group>"; };
		41AAC566201B92CC00809C4D /* KMSectionHeaderView.xib */ = {isa = PBXFileReference; fileEncoding = 4; lastKnownFileType = file.xib; path = KMSectionHeaderView.xib; sourceTree = "<group>"; };
		41AAC567201B92CC00809C4D /* KMSectionHeaderView.h */ = {isa = PBXFileReference; fileEncoding = 4; lastKnownFileType = sourcecode.c.h; path = KMSectionHeaderView.h; sourceTree = "<group>"; };
		41AAC568201B92CC00809C4D /* KMSectionHeaderView.m */ = {isa = PBXFileReference; fileEncoding = 4; lastKnownFileType = sourcecode.c.objc; path = KMSectionHeaderView.m; sourceTree = "<group>"; };
		41AAC56B201E1B4900809C4D /* iOS-Email-Client.entitlements */ = {isa = PBXFileReference; lastKnownFileType = text.plist.entitlements; path = "iOS-Email-Client.entitlements"; sourceTree = "<group>"; };
		41B6AAAC2017987500D428B7 /* iOS-Email-Client.app */ = {isa = PBXFileReference; explicitFileType = wrapper.application; includeInIndex = 0; path = "iOS-Email-Client.app"; sourceTree = BUILT_PRODUCTS_DIR; };
		41B6AAAF2017987500D428B7 /* AppDelegate.swift */ = {isa = PBXFileReference; lastKnownFileType = sourcecode.swift; path = AppDelegate.swift; sourceTree = "<group>"; };
		41B6AAB42017987500D428B7 /* Base */ = {isa = PBXFileReference; lastKnownFileType = file.storyboard; name = Base; path = Base.lproj/Main.storyboard; sourceTree = "<group>"; };
		41B6AAB62017987500D428B7 /* Assets.xcassets */ = {isa = PBXFileReference; lastKnownFileType = folder.assetcatalog; path = Assets.xcassets; sourceTree = "<group>"; };
		41B6AAB92017987500D428B7 /* Base */ = {isa = PBXFileReference; lastKnownFileType = file.storyboard; name = Base; path = Base.lproj/LaunchScreen.storyboard; sourceTree = "<group>"; };
		41B6AABB2017987500D428B7 /* Info.plist */ = {isa = PBXFileReference; lastKnownFileType = text.plist.xml; path = Info.plist; sourceTree = "<group>"; };
		41B6AAC02017987500D428B7 /* iOS-Email-ClientTests.xctest */ = {isa = PBXFileReference; explicitFileType = wrapper.cfbundle; includeInIndex = 0; path = "iOS-Email-ClientTests.xctest"; sourceTree = BUILT_PRODUCTS_DIR; };
		41B6AAC42017987500D428B7 /* iOS_Email_ClientTests.swift */ = {isa = PBXFileReference; lastKnownFileType = sourcecode.swift; path = iOS_Email_ClientTests.swift; sourceTree = "<group>"; };
		41B6AAC62017987500D428B7 /* Info.plist */ = {isa = PBXFileReference; lastKnownFileType = text.plist.xml; path = Info.plist; sourceTree = "<group>"; };
		7C147B42203C9676004823DE /* SignalProtocolFramework.framework */ = {isa = PBXFileReference; lastKnownFileType = wrapper.framework; name = SignalProtocolFramework.framework; path = Carthage/Build/iOS/SignalProtocolFramework.framework; sourceTree = "<group>"; };
		7C154FD0204DE76B00D72F6E /* CriptextAxolotlStore.swift */ = {isa = PBXFileReference; lastKnownFileType = sourcecode.swift; path = CriptextAxolotlStore.swift; sourceTree = "<group>"; };
		7C154FD2204DEBAF00D72F6E /* Account.swift */ = {isa = PBXFileReference; lastKnownFileType = sourcecode.swift; path = Account.swift; sourceTree = "<group>"; };
		7C34E5FA20470D2100E71906 /* EmailDetailData.swift */ = {isa = PBXFileReference; lastKnownFileType = sourcecode.swift; path = EmailDetailData.swift; sourceTree = "<group>"; };
		7C34E5FC204716BD00E71906 /* EmailDetail.swift */ = {isa = PBXFileReference; lastKnownFileType = sourcecode.swift; path = EmailDetail.swift; sourceTree = "<group>"; };
		7C34E5FE2048BCBA00E71906 /* ReplyDetailUIView.swift */ = {isa = PBXFileReference; lastKnownFileType = sourcecode.swift; path = ReplyDetailUIView.swift; sourceTree = "<group>"; };
		7C34E6042049E84500E71906 /* EmailDetailFooterCell.swift */ = {isa = PBXFileReference; lastKnownFileType = sourcecode.swift; path = EmailDetailFooterCell.swift; sourceTree = "<group>"; };
		7C34E606204A0F6900E71906 /* EmailDetailTableCell.xib */ = {isa = PBXFileReference; lastKnownFileType = file.xib; path = EmailDetailTableCell.xib; sourceTree = "<group>"; };
		7C4D4FEA203DDEF400DF6E4E /* CRPreKeyRecord.swift */ = {isa = PBXFileReference; lastKnownFileType = sourcecode.swift; path = CRPreKeyRecord.swift; sourceTree = "<group>"; };
		7C4D4FEC203DFFD700DF6E4E /* CounterLabelUIView.swift */ = {isa = PBXFileReference; lastKnownFileType = sourcecode.swift; path = CounterLabelUIView.swift; sourceTree = "<group>"; };
		7C50C690202E12C000FED2E8 /* CreatingAccountViewController.swift */ = {isa = PBXFileReference; lastKnownFileType = sourcecode.swift; path = CreatingAccountViewController.swift; sourceTree = "<group>"; };
		7C50C692202E3A3000FED2E8 /* TipUIView.swift */ = {isa = PBXFileReference; lastKnownFileType = sourcecode.swift; path = TipUIView.swift; sourceTree = "<group>"; };
		7C8A9AEC2052E9C90096EEB8 /* CriptextDrawerController.swift */ = {isa = PBXFileReference; lastKnownFileType = sourcecode.swift; path = CriptextDrawerController.swift; sourceTree = "<group>"; };
		7C8D6C632034A4D800AB96EF /* StatusTextField.swift */ = {isa = PBXFileReference; lastKnownFileType = sourcecode.swift; path = StatusTextField.swift; sourceTree = "<group>"; };
		7C8D6C652034D1D600AB96EF /* WebViewViewController.swift */ = {isa = PBXFileReference; lastKnownFileType = sourcecode.swift; path = WebViewViewController.swift; sourceTree = "<group>"; };
		7C8D6C672035F42B00AB96EF /* CircleBackButton.swift */ = {isa = PBXFileReference; lastKnownFileType = sourcecode.swift; path = CircleBackButton.swift; sourceTree = "<group>"; };
		7C8D6C692035FCD700AB96EF /* LoginDeviceViewController.swift */ = {isa = PBXFileReference; lastKnownFileType = sourcecode.swift; path = LoginDeviceViewController.swift; sourceTree = "<group>"; };
		7C8D6C6B2036008700AB96EF /* DotsProgressUIView.swift */ = {isa = PBXFileReference; lastKnownFileType = sourcecode.swift; path = DotsProgressUIView.swift; sourceTree = "<group>"; };
		7C8D6C6D20362F8600AB96EF /* ResetDeviceViewController.swift */ = {isa = PBXFileReference; lastKnownFileType = sourcecode.swift; path = ResetDeviceViewController.swift; sourceTree = "<group>"; };
		7C8D6C6F2036491100AB96EF /* LoginData.swift */ = {isa = PBXFileReference; lastKnownFileType = sourcecode.swift; path = LoginData.swift; sourceTree = "<group>"; };
		7C8D6C7120371FA500AB96EF /* ConnectDeviceViewController.swift */ = {isa = PBXFileReference; lastKnownFileType = sourcecode.swift; path = ConnectDeviceViewController.swift; sourceTree = "<group>"; };
		7C8D6C73203735E000AB96EF /* Constants.swift */ = {isa = PBXFileReference; lastKnownFileType = sourcecode.swift; path = Constants.swift; sourceTree = "<group>"; };
		7C8D6C752038C1C200AB96EF /* ProgressArrowUIView.swift */ = {isa = PBXFileReference; lastKnownFileType = sourcecode.swift; path = ProgressArrowUIView.swift; sourceTree = "<group>"; };
		7C8F1B68203C7A3500D30DCC /* SignUpData.swift */ = {isa = PBXFileReference; lastKnownFileType = sourcecode.swift; path = SignUpData.swift; sourceTree = "<group>"; };
		7CA794B6204F30AB000AC986 /* CRSessionRecord.swift */ = {isa = PBXFileReference; lastKnownFileType = sourcecode.swift; path = CRSessionRecord.swift; sourceTree = "<group>"; };
		7CA794B8204F3B2A000AC986 /* CRTrustedDevice.swift */ = {isa = PBXFileReference; lastKnownFileType = sourcecode.swift; path = CRTrustedDevice.swift; sourceTree = "<group>"; };
		7CBD20BD2024B09F00D70B87 /* Login.storyboard */ = {isa = PBXFileReference; lastKnownFileType = file.storyboard; path = Login.storyboard; sourceTree = "<group>"; };
		7CBD20C02024BCD700D70B87 /* NewLoginViewController.swift */ = {isa = PBXFileReference; lastKnownFileType = sourcecode.swift; path = NewLoginViewController.swift; sourceTree = "<group>"; };
		7CBD20C42025141F00D70B87 /* GradientUIView.swift */ = {isa = PBXFileReference; lastKnownFileType = sourcecode.swift; path = GradientUIView.swift; sourceTree = "<group>"; };
		7CBD20C6202A367B00D70B87 /* SignUpViewController.swift */ = {isa = PBXFileReference; lastKnownFileType = sourcecode.swift; path = SignUpViewController.swift; sourceTree = "<group>"; };
		7CDAD2672040A9FE0080A32C /* CriptextSessionStore.swift */ = {isa = PBXFileReference; lastKnownFileType = sourcecode.swift; path = CriptextSessionStore.swift; sourceTree = "<group>"; };
		7CDAD2692040B80A0080A32C /* CriptextPreKeyStore.swift */ = {isa = PBXFileReference; lastKnownFileType = sourcecode.swift; path = CriptextPreKeyStore.swift; sourceTree = "<group>"; };
		7CDAD26B2040BAF40080A32C /* CriptextSignedPreKeyStore.swift */ = {isa = PBXFileReference; lastKnownFileType = sourcecode.swift; path = CriptextSignedPreKeyStore.swift; sourceTree = "<group>"; };
		7CDAD26D2040BE340080A32C /* CriptextIdentityKeyStore.swift */ = {isa = PBXFileReference; lastKnownFileType = sourcecode.swift; path = CriptextIdentityKeyStore.swift; sourceTree = "<group>"; };
		7CDAD27220449A730080A32C /* CRSignedPreKeyRecord.swift */ = {isa = PBXFileReference; lastKnownFileType = sourcecode.swift; path = CRSignedPreKeyRecord.swift; sourceTree = "<group>"; };
		7CDB465B203E2FF2007C9637 /* FeedTableViewCell.swift */ = {isa = PBXFileReference; lastKnownFileType = sourcecode.swift; path = FeedTableViewCell.swift; sourceTree = "<group>"; };
		7CDB465D203E336A007C9637 /* FeedViewController.swift */ = {isa = PBXFileReference; lastKnownFileType = sourcecode.swift; path = FeedViewController.swift; sourceTree = "<group>"; };
		7CDB465F203F0C2A007C9637 /* FeedsData.swift */ = {isa = PBXFileReference; lastKnownFileType = sourcecode.swift; path = FeedsData.swift; sourceTree = "<group>"; };
		7CDB4661203F0C9F007C9637 /* Feed.swift */ = {isa = PBXFileReference; lastKnownFileType = sourcecode.swift; path = Feed.swift; sourceTree = "<group>"; };
		7CF0CFD220460DD200781DE6 /* EmailDetailViewController.swift */ = {isa = PBXFileReference; lastKnownFileType = sourcecode.swift; path = EmailDetailViewController.swift; sourceTree = "<group>"; };
		7CF0CFD4204611D300781DE6 /* EmailTableViewCell.swift */ = {isa = PBXFileReference; lastKnownFileType = sourcecode.swift; path = EmailTableViewCell.swift; sourceTree = "<group>"; };
		7CFBD99E204DA80300A7786D /* TableEndViewCell.xib */ = {isa = PBXFileReference; lastKnownFileType = file.xib; path = TableEndViewCell.xib; sourceTree = "<group>"; };
		7CFBD9A0204DA97500A7786D /* TableEndViewCell.swift */ = {isa = PBXFileReference; lastKnownFileType = sourcecode.swift; path = TableEndViewCell.swift; sourceTree = "<group>"; };
		7D4111C972B5D50DA59075A5 /* Pods-iOS-Email-Client.release.xcconfig */ = {isa = PBXFileReference; includeInIndex = 1; lastKnownFileType = text.xcconfig; name = "Pods-iOS-Email-Client.release.xcconfig"; path = "Pods/Target Support Files/Pods-iOS-Email-Client/Pods-iOS-Email-Client.release.xcconfig"; sourceTree = "<group>"; };
		954BDB0320486AF9009ED8F1 /* ContactTableViewCell.swift */ = {isa = PBXFileReference; lastKnownFileType = sourcecode.swift; path = ContactTableViewCell.swift; sourceTree = "<group>"; };
		B16AC543688994FBF6A77348 /* Pods-iOS-Email-Client.debug.xcconfig */ = {isa = PBXFileReference; includeInIndex = 1; lastKnownFileType = text.xcconfig; name = "Pods-iOS-Email-Client.debug.xcconfig"; path = "Pods/Target Support Files/Pods-iOS-Email-Client/Pods-iOS-Email-Client.debug.xcconfig"; sourceTree = "<group>"; };
/* End PBXFileReference section */

/* Begin PBXFrameworksBuildPhase section */
		41B6AAA92017987500D428B7 /* Frameworks */ = {
			isa = PBXFrameworksBuildPhase;
			buildActionMask = 2147483647;
			files = (
				7C147B43203C9676004823DE /* SignalProtocolFramework.framework in Frameworks */,
				EAB481D0ACDA898C93651917 /* Pods_iOS_Email_Client.framework in Frameworks */,
			);
			runOnlyForDeploymentPostprocessing = 0;
		};
		41B6AABD2017987500D428B7 /* Frameworks */ = {
			isa = PBXFrameworksBuildPhase;
			buildActionMask = 2147483647;
			files = (
			);
			runOnlyForDeploymentPostprocessing = 0;
		};
/* End PBXFrameworksBuildPhase section */

/* Begin PBXGroup section */
		2962C69A939AA368B015D288 /* Frameworks */ = {
			isa = PBXGroup;
			children = (
				14D83764688122B88256F2F6 /* Pods_iOS_Email_Client.framework */,
			);
			name = Frameworks;
			sourceTree = "<group>";
		};
		411FDF6F204A07B700BCD787 /* Managers */ = {
			isa = PBXGroup;
			children = (
				41AAC540201A9FF500809C4D /* APIManager.swift */,
				41AAC542201AA00000809C4D /* ContactManager.swift */,
				41AAC544201AA01400809C4D /* DBManager.swift */,
			);
			path = Managers;
			sourceTree = "<group>";
		};
		412CB00A20373C28005D1B3F /* Fonts */ = {
			isa = PBXGroup;
			children = (
				412CB0272037402C005D1B3F /* NunitoSans-Black.ttf */,
				412CB02B2037402C005D1B3F /* NunitoSans-BlackItalic.ttf */,
				412CB0332037402D005D1B3F /* NunitoSans-Bold.ttf */,
				412CB0292037402C005D1B3F /* NunitoSans-BoldItalic.ttf */,
				412CB02F2037402C005D1B3F /* NunitoSans-ExtraBold.ttf */,
				412CB02D2037402C005D1B3F /* NunitoSans-ExtraBoldItalic.ttf */,
				412CB0312037402D005D1B3F /* NunitoSans-ExtraLight.ttf */,
				412CB02C2037402C005D1B3F /* NunitoSans-ExtraLightItalic.ttf */,
				412CB0302037402C005D1B3F /* NunitoSans-Italic.ttf */,
				412CB02E2037402C005D1B3F /* NunitoSans-Light.ttf */,
				412CB0282037402C005D1B3F /* NunitoSans-LightItalic.ttf */,
				412CB0322037402D005D1B3F /* NunitoSans-Regular.ttf */,
				412CB0342037402D005D1B3F /* NunitoSans-SemiBold.ttf */,
				412CB02A2037402C005D1B3F /* NunitoSans-SemiBoldItalic.ttf */,
			);
			path = Fonts;
			sourceTree = "<group>";
		};
		41AAC4E8201A9E7000809C4D /* Controllers */ = {
			isa = PBXGroup;
			children = (
				7CBD20BF2024BCB500D70B87 /* Login */,
				41AAC4EE201A9FAC00809C4D /* ActivityViewController.swift */,
				41AAC4F0201A9FAC00809C4D /* AttachmentViewController.swift */,
				41AAC4F6201A9FAD00809C4D /* ComposeViewController.swift */,
				41AAC4EF201A9FAC00809C4D /* DetailThreadViewController.swift */,
				41AAC4F3201A9FAC00809C4D /* DetailViewController.swift */,
				41AAC4F5201A9FAD00809C4D /* HeaderViewController.swift */,
				41AAC4EC201A9FAC00809C4D /* InboxViewController.swift */,
				41AAC4EB201A9FAC00809C4D /* ListLabelViewController.swift */,
				41AAC4F1201A9FAC00809C4D /* MoveMailViewController.swift */,
				41AAC4F7201A9FAD00809C4D /* SignatureViewController.swift */,
				41AAC4ED201A9FAC00809C4D /* ThreadViewController.swift */,
				41AAC4F2201A9FAC00809C4D /* TourViewController.swift */,
				7CDB465D203E336A007C9637 /* FeedViewController.swift */,
				7C8A9AEC2052E9C90096EEB8 /* CriptextDrawerController.swift */,
				7CF0CFD220460DD200781DE6 /* EmailDetailViewController.swift */,
			);
			path = Controllers;
			sourceTree = "<group>";
		};
		41AAC4E9201A9EF500809C4D /* Libs */ = {
			isa = PBXGroup;
			children = (
				41AAC554201AA08400809C4D /* iOS-Email-Client-Bridging-Header.h */,
				41AAC558201B91FF00809C4D /* KMAccordion */,
				41AAC556201AA08500809C4D /* DateUtils.h */,
				41AAC555201AA08500809C4D /* DateUtils.m */,
				411FDF70204CF93300BCD787 /* InitialsImageView.swift */,
			);
			path = Libs;
			sourceTree = "<group>";
		};
		41AAC558201B91FF00809C4D /* KMAccordion */ = {
			isa = PBXGroup;
			children = (
				41AAC565201B92BF00809C4D /* Header */,
				41AAC55D201B929200809C4D /* Model */,
				41AAC559201B925C00809C4D /* ViewController */,
			);
			path = KMAccordion;
			sourceTree = "<group>";
		};
		41AAC559201B925C00809C4D /* ViewController */ = {
			isa = PBXGroup;
			children = (
				41AAC55B201B927E00809C4D /* KMAccordionTableViewController.h */,
				41AAC55A201B927E00809C4D /* KMAccordionTableViewController.m */,
			);
			path = ViewController;
			sourceTree = "<group>";
		};
		41AAC55D201B929200809C4D /* Model */ = {
			isa = PBXGroup;
			children = (
				41AAC560201B92A400809C4D /* KMAppearence.h */,
				41AAC55F201B92A400809C4D /* KMAppearence.m */,
				41AAC561201B92A400809C4D /* KMSection.h */,
				41AAC55E201B92A400809C4D /* KMSection.m */,
			);
			path = Model;
			sourceTree = "<group>";
		};
		41AAC565201B92BF00809C4D /* Header */ = {
			isa = PBXGroup;
			children = (
				41AAC567201B92CC00809C4D /* KMSectionHeaderView.h */,
				41AAC568201B92CC00809C4D /* KMSectionHeaderView.m */,
				41AAC566201B92CC00809C4D /* KMSectionHeaderView.xib */,
			);
			path = Header;
			sourceTree = "<group>";
		};
		41B6AAA32017987500D428B7 = {
			isa = PBXGroup;
			children = (
				7C147B42203C9676004823DE /* SignalProtocolFramework.framework */,
				41B6AAAE2017987500D428B7 /* iOS-Email-Client */,
				41B6AAC32017987500D428B7 /* iOS-Email-ClientTests */,
				41B6AAAD2017987500D428B7 /* Products */,
				72CCFB93962F99D0DB7C21D2 /* Pods */,
				2962C69A939AA368B015D288 /* Frameworks */,
			);
			sourceTree = "<group>";
		};
		41B6AAAD2017987500D428B7 /* Products */ = {
			isa = PBXGroup;
			children = (
				41B6AAAC2017987500D428B7 /* iOS-Email-Client.app */,
				41B6AAC02017987500D428B7 /* iOS-Email-ClientTests.xctest */,
			);
			name = Products;
			sourceTree = "<group>";
		};
		41B6AAAE2017987500D428B7 /* iOS-Email-Client */ = {
			isa = PBXGroup;
			children = (
				7CDAD2662040A7BD0080A32C /* AxolotlStore */,
				412CB00A20373C28005D1B3F /* Fonts */,
				41AAC56B201E1B4900809C4D /* iOS-Email-Client.entitlements */,
				41AAC4E9201A9EF500809C4D /* Libs */,
				41AAC552201AA06F00809C4D /* MCOMessageViewScript.js */,
				411FDF6F204A07B700BCD787 /* Managers */,
				41AAC546201AA01F00809C4D /* Extensions.swift */,
				41AAC548201AA02C00809C4D /* editor-style.css */,
				41AAC4E8201A9E7000809C4D /* Controllers */,
				41B6AAD020179E4E00D428B7 /* Views */,
				41B6AACF20179D2100D428B7 /* Model */,
				41B6AAAF2017987500D428B7 /* AppDelegate.swift */,
				41AAC54A201AA03E00809C4D /* showmore.png */,
				41B6AAB32017987500D428B7 /* Main.storyboard */,
				41B6AAB62017987500D428B7 /* Assets.xcassets */,
				41B6AAB82017987500D428B7 /* LaunchScreen.storyboard */,
				41B6AABB2017987500D428B7 /* Info.plist */,
				41AAC54C201AA04F00809C4D /* GoogleService-Info.plist */,
				41AAC54E201AA05E00809C4D /* mark_read.png */,
				41AAC550201AA06500809C4D /* mark_unread.png */,
				7CBD20BD2024B09F00D70B87 /* Login.storyboard */,
				7C8D6C73203735E000AB96EF /* Constants.swift */,
			);
			path = "iOS-Email-Client";
			sourceTree = "<group>";
		};
		41B6AAC32017987500D428B7 /* iOS-Email-ClientTests */ = {
			isa = PBXGroup;
			children = (
				41B6AAC42017987500D428B7 /* iOS_Email_ClientTests.swift */,
				41B6AAC62017987500D428B7 /* Info.plist */,
			);
			path = "iOS-Email-ClientTests";
			sourceTree = "<group>";
		};
		41B6AACF20179D2100D428B7 /* Model */ = {
			isa = PBXGroup;
			children = (
				41AAC531201A9FCD00809C4D /* Activity.swift */,
				41AAC52F201A9FCC00809C4D /* Attachment.swift */,
				41AAC530201A9FCD00809C4D /* Contact.swift */,
				41AAC52E201A9FCC00809C4D /* Email.swift */,
				41AAC535201A9FCD00809C4D /* Open.swift */,
				41AAC536201A9FCD00809C4D /* PreviewItem.swift */,
				41AAC534201A9FCD00809C4D /* ShareActivityItemProvider.swift */,
				41AAC533201A9FCD00809C4D /* URLActivityItemProvider.swift */,
				41AAC532201A9FCD00809C4D /* User.swift */,
				7C8D6C6F2036491100AB96EF /* LoginData.swift */,
				7C8F1B68203C7A3500D30DCC /* SignUpData.swift */,
				7CDAD27220449A730080A32C /* CRSignedPreKeyRecord.swift */,
				7C4D4FEA203DDEF400DF6E4E /* CRPreKeyRecord.swift */,
				7CDB465F203F0C2A007C9637 /* FeedsData.swift */,
				7CDB4661203F0C9F007C9637 /* Feed.swift */,
				7C154FD2204DEBAF00D72F6E /* Account.swift */,
				7CA794B6204F30AB000AC986 /* CRSessionRecord.swift */,
				7CA794B8204F3B2A000AC986 /* CRTrustedDevice.swift */,
				7C34E5FA20470D2100E71906 /* EmailDetailData.swift */,
				7C34E5FC204716BD00E71906 /* EmailDetail.swift */,
			);
			path = Model;
			sourceTree = "<group>";
		};
		41B6AAD020179E4E00D428B7 /* Views */ = {
			isa = PBXGroup;
			children = (
				41AAC506201A9FC200809C4D /* ActivityTableViewCell.swift */,
				41AAC50E201A9FC200809C4D /* AttachmentTableViewCell.swift */,
				41AAC50F201A9FC200809C4D /* AttachmentUIPopover.swift */,
				41AAC511201A9FC200809C4D /* AttachmentUIPopover.xib */,
				41AAC513201A9FC300809C4D /* CriptextSpinner.swift */,
				41AAC50C201A9FC200809C4D /* DetailGuideView.swift */,
				41AAC507201A9FC200809C4D /* DetailGuideView.xib */,
				41AAC509201A9FC200809C4D /* DetailThreadTableViewCell.swift */,
				41AAC514201A9FC300809C4D /* DetailThreadTableViewCell.xib */,
				41AAC515201A9FC300809C4D /* GenericUIPopover.swift */,
				41AAC512201A9FC300809C4D /* GenericUIPopover.xib */,
				41AAC516201A9FC300809C4D /* GoogleButton.swift */,
				41AAC517201A9FC300809C4D /* GoogleButton.xib */,
				41AAC518201A9FC300809C4D /* InboxTableViewCell.swift */,
				41AAC519201A9FC300809C4D /* MoveMailTableViewCell.swift */,
				41AAC50B201A9FC200809C4D /* OpenUIPopover.swift */,
				41AAC510201A9FC200809C4D /* OpenUIPopover.xib */,
				41AAC508201A9FC200809C4D /* OpenViewCell.xib */,
				41AAC50A201A9FC200809C4D /* TimerUIPopover.swift */,
				41AAC50D201A9FC200809C4D /* TimerUIPopover.xib */,
				7CBD20C42025141F00D70B87 /* GradientUIView.swift */,
				7C50C692202E3A3000FED2E8 /* TipUIView.swift */,
				7C8D6C632034A4D800AB96EF /* StatusTextField.swift */,
				7C8D6C672035F42B00AB96EF /* CircleBackButton.swift */,
				7C8D6C6B2036008700AB96EF /* DotsProgressUIView.swift */,
				7C8D6C752038C1C200AB96EF /* ProgressArrowUIView.swift */,
				7C4D4FEC203DFFD700DF6E4E /* CounterLabelUIView.swift */,
				414E7D4B203F2A860088C647 /* NavigationToolbarView.xib */,
				414E7D4D203F2B8A0088C647 /* NavigationToolbarView.swift */,
				7CDB465B203E2FF2007C9637 /* FeedTableViewCell.swift */,
				7CFBD99E204DA80300A7786D /* TableEndViewCell.xib */,
				7CFBD9A0204DA97500A7786D /* TableEndViewCell.swift */,
				954BDB0320486AF9009ED8F1 /* ContactTableViewCell.swift */,
				7CF0CFD4204611D300781DE6 /* EmailTableViewCell.swift */,
				7C34E5FE2048BCBA00E71906 /* ReplyDetailUIView.swift */,
				7C34E6042049E84500E71906 /* EmailDetailFooterCell.swift */,
				7C34E606204A0F6900E71906 /* EmailDetailTableCell.xib */,
			);
			path = Views;
			sourceTree = "<group>";
		};
		72CCFB93962F99D0DB7C21D2 /* Pods */ = {
			isa = PBXGroup;
			children = (
				B16AC543688994FBF6A77348 /* Pods-iOS-Email-Client.debug.xcconfig */,
				7D4111C972B5D50DA59075A5 /* Pods-iOS-Email-Client.release.xcconfig */,
			);
			name = Pods;
			sourceTree = "<group>";
		};
		7CBD20BF2024BCB500D70B87 /* Login */ = {
			isa = PBXGroup;
			children = (
				7CBD20C02024BCD700D70B87 /* NewLoginViewController.swift */,
				7CBD20C6202A367B00D70B87 /* SignUpViewController.swift */,
				7C50C690202E12C000FED2E8 /* CreatingAccountViewController.swift */,
				7C8D6C652034D1D600AB96EF /* WebViewViewController.swift */,
				7C8D6C692035FCD700AB96EF /* LoginDeviceViewController.swift */,
				7C8D6C6D20362F8600AB96EF /* ResetDeviceViewController.swift */,
				7C8D6C7120371FA500AB96EF /* ConnectDeviceViewController.swift */,
			);
			path = Login;
			sourceTree = "<group>";
		};
		7CDAD2662040A7BD0080A32C /* AxolotlStore */ = {
			isa = PBXGroup;
			children = (
				7CDAD2672040A9FE0080A32C /* CriptextSessionStore.swift */,
				7CDAD2692040B80A0080A32C /* CriptextPreKeyStore.swift */,
				7CDAD26B2040BAF40080A32C /* CriptextSignedPreKeyStore.swift */,
				7CDAD26D2040BE340080A32C /* CriptextIdentityKeyStore.swift */,
				7C154FD0204DE76B00D72F6E /* CriptextAxolotlStore.swift */,
			);
			path = AxolotlStore;
			sourceTree = "<group>";
		};
/* End PBXGroup section */

/* Begin PBXNativeTarget section */
		41B6AAAB2017987500D428B7 /* iOS-Email-Client */ = {
			isa = PBXNativeTarget;
			buildConfigurationList = 41B6AAC92017987500D428B7 /* Build configuration list for PBXNativeTarget "iOS-Email-Client" */;
			buildPhases = (
				52D17F27E32DA3C273D4A47C /* [CP] Check Pods Manifest.lock */,
				41B6AAA82017987500D428B7 /* Sources */,
				41B6AAA92017987500D428B7 /* Frameworks */,
				41B6AAAA2017987500D428B7 /* Resources */,
				9E4ABEF57B503BF0BDDD71D5 /* [CP] Embed Pods Frameworks */,
				5B118A4C965F4ACA6820CDF6 /* [CP] Copy Pods Resources */,
				41AAC56C201E286200809C4D /* Run Script */,
				7C147B45203C9676004823DE /* Embed Frameworks */,
				7C4D4FE9203CBD3A00DF6E4E /* Run Script Framework */,
			);
			buildRules = (
			);
			dependencies = (
			);
			name = "iOS-Email-Client";
			productName = "iOS-Email-Client";
			productReference = 41B6AAAC2017987500D428B7 /* iOS-Email-Client.app */;
			productType = "com.apple.product-type.application";
		};
		41B6AABF2017987500D428B7 /* iOS-Email-ClientTests */ = {
			isa = PBXNativeTarget;
			buildConfigurationList = 41B6AACC2017987500D428B7 /* Build configuration list for PBXNativeTarget "iOS-Email-ClientTests" */;
			buildPhases = (
				41B6AABC2017987500D428B7 /* Sources */,
				41B6AABD2017987500D428B7 /* Frameworks */,
				41B6AABE2017987500D428B7 /* Resources */,
			);
			buildRules = (
			);
			dependencies = (
				41B6AAC22017987500D428B7 /* PBXTargetDependency */,
			);
			name = "iOS-Email-ClientTests";
			productName = "iOS-Email-ClientTests";
			productReference = 41B6AAC02017987500D428B7 /* iOS-Email-ClientTests.xctest */;
			productType = "com.apple.product-type.bundle.unit-test";
		};
/* End PBXNativeTarget section */

/* Begin PBXProject section */
		41B6AAA42017987500D428B7 /* Project object */ = {
			isa = PBXProject;
			attributes = {
				LastSwiftUpdateCheck = 0920;
				LastUpgradeCheck = 0920;
				ORGANIZATIONNAME = "Criptext Inc.";
				TargetAttributes = {
					41B6AAAB2017987500D428B7 = {
						CreatedOnToolsVersion = 9.2;
						LastSwiftMigration = 0920;
						ProvisioningStyle = Automatic;
						SystemCapabilities = {
							com.apple.BackgroundModes = {
								enabled = 1;
							};
							com.apple.Keychain = {
								enabled = 1;
							};
							com.apple.Push = {
								enabled = 1;
							};
							com.apple.iCloud = {
								enabled = 1;
							};
						};
					};
					41B6AABF2017987500D428B7 = {
						CreatedOnToolsVersion = 9.2;
						ProvisioningStyle = Automatic;
						TestTargetID = 41B6AAAB2017987500D428B7;
					};
				};
			};
			buildConfigurationList = 41B6AAA72017987500D428B7 /* Build configuration list for PBXProject "iOS-Email-Client" */;
			compatibilityVersion = "Xcode 8.0";
			developmentRegion = en;
			hasScannedForEncodings = 0;
			knownRegions = (
				en,
				Base,
			);
			mainGroup = 41B6AAA32017987500D428B7;
			productRefGroup = 41B6AAAD2017987500D428B7 /* Products */;
			projectDirPath = "";
			projectRoot = "";
			targets = (
				41B6AAAB2017987500D428B7 /* iOS-Email-Client */,
				41B6AABF2017987500D428B7 /* iOS-Email-ClientTests */,
			);
		};
/* End PBXProject section */

/* Begin PBXResourcesBuildPhase section */
		41B6AAAA2017987500D428B7 /* Resources */ = {
			isa = PBXResourcesBuildPhase;
			buildActionMask = 2147483647;
			files = (
				7C34E607204A0F6A00E71906 /* EmailDetailTableCell.xib in Resources */,
				412CB03D2037402D005D1B3F /* NunitoSans-ExtraBold.ttf in Resources */,
				412CB0382037402D005D1B3F /* NunitoSans-SemiBoldItalic.ttf in Resources */,
				41AAC526201A9FC300809C4D /* GenericUIPopover.xib in Resources */,
				412CB03A2037402D005D1B3F /* NunitoSans-ExtraLightItalic.ttf in Resources */,
				41AAC51B201A9FC300809C4D /* DetailGuideView.xib in Resources */,
				412CB03E2037402D005D1B3F /* NunitoSans-Italic.ttf in Resources */,
				412CB03F2037402D005D1B3F /* NunitoSans-ExtraLight.ttf in Resources */,
				41AAC521201A9FC300809C4D /* TimerUIPopover.xib in Resources */,
				41AAC52B201A9FC300809C4D /* GoogleButton.xib in Resources */,
				412CB03C2037402D005D1B3F /* NunitoSans-Light.ttf in Resources */,
				412CB0352037402D005D1B3F /* NunitoSans-Black.ttf in Resources */,
				41AAC525201A9FC300809C4D /* AttachmentUIPopover.xib in Resources */,
				7CBD20BE2024B09F00D70B87 /* Login.storyboard in Resources */,
				41B6AABA2017987500D428B7 /* LaunchScreen.storyboard in Resources */,
				412CB0412037402D005D1B3F /* NunitoSans-Bold.ttf in Resources */,
				412CB0372037402D005D1B3F /* NunitoSans-BoldItalic.ttf in Resources */,
				41B6AAB72017987500D428B7 /* Assets.xcassets in Resources */,
				41AAC528201A9FC300809C4D /* DetailThreadTableViewCell.xib in Resources */,
				412CB0362037402D005D1B3F /* NunitoSans-LightItalic.ttf in Resources */,
				41AAC553201AA06F00809C4D /* MCOMessageViewScript.js in Resources */,
				41AAC549201AA02C00809C4D /* editor-style.css in Resources */,
				41AAC54B201AA03E00809C4D /* showmore.png in Resources */,
				412CB03B2037402D005D1B3F /* NunitoSans-ExtraBoldItalic.ttf in Resources */,
				412CB0402037402D005D1B3F /* NunitoSans-Regular.ttf in Resources */,
				41B6AAB52017987500D428B7 /* Main.storyboard in Resources */,
				41AAC551201AA06500809C4D /* mark_unread.png in Resources */,
				41AAC54F201AA05E00809C4D /* mark_read.png in Resources */,
				412CB0422037402D005D1B3F /* NunitoSans-SemiBold.ttf in Resources */,
				41AAC524201A9FC300809C4D /* OpenUIPopover.xib in Resources */,
				41AAC569201B92CC00809C4D /* KMSectionHeaderView.xib in Resources */,
				414E7D4C203F2A860088C647 /* NavigationToolbarView.xib in Resources */,
				41AAC51C201A9FC300809C4D /* OpenViewCell.xib in Resources */,
				412CB0392037402D005D1B3F /* NunitoSans-BlackItalic.ttf in Resources */,
				7CFBD99F204DA80300A7786D /* TableEndViewCell.xib in Resources */,
				41AAC54D201AA05000809C4D /* GoogleService-Info.plist in Resources */,
			);
			runOnlyForDeploymentPostprocessing = 0;
		};
		41B6AABE2017987500D428B7 /* Resources */ = {
			isa = PBXResourcesBuildPhase;
			buildActionMask = 2147483647;
			files = (
			);
			runOnlyForDeploymentPostprocessing = 0;
		};
/* End PBXResourcesBuildPhase section */

/* Begin PBXShellScriptBuildPhase section */
		41AAC56C201E286200809C4D /* Run Script */ = {
			isa = PBXShellScriptBuildPhase;
			buildActionMask = 2147483647;
			files = (
			);
			inputPaths = (
			);
			name = "Run Script";
			outputPaths = (
			);
			runOnlyForDeploymentPostprocessing = 0;
			shellPath = /bin/sh;
			shellScript = "\"${PODS_ROOT}/Fabric/run\" 3b4ddc55293ff0e9bf22a8927dc076a5ac0b17ec 2faae85cc964c755921b5b7855e90f3def29650c0a1dfcf386a29e6b2f95e8ce";
		};
		52D17F27E32DA3C273D4A47C /* [CP] Check Pods Manifest.lock */ = {
			isa = PBXShellScriptBuildPhase;
			buildActionMask = 2147483647;
			files = (
			);
			inputPaths = (
				"${PODS_PODFILE_DIR_PATH}/Podfile.lock",
				"${PODS_ROOT}/Manifest.lock",
			);
			name = "[CP] Check Pods Manifest.lock";
			outputPaths = (
				"$(DERIVED_FILE_DIR)/Pods-iOS-Email-Client-checkManifestLockResult.txt",
			);
			runOnlyForDeploymentPostprocessing = 0;
			shellPath = /bin/sh;
			shellScript = "diff \"${PODS_PODFILE_DIR_PATH}/Podfile.lock\" \"${PODS_ROOT}/Manifest.lock\" > /dev/null\nif [ $? != 0 ] ; then\n    # print error to STDERR\n    echo \"error: The sandbox is not in sync with the Podfile.lock. Run 'pod install' or update your CocoaPods installation.\" >&2\n    exit 1\nfi\n# This output is used by Xcode 'outputs' to avoid re-running this script phase.\necho \"SUCCESS\" > \"${SCRIPT_OUTPUT_FILE_0}\"\n";
			showEnvVarsInLog = 0;
		};
		5B118A4C965F4ACA6820CDF6 /* [CP] Copy Pods Resources */ = {
			isa = PBXShellScriptBuildPhase;
			buildActionMask = 2147483647;
			files = (
			);
			inputPaths = (
				"${SRCROOT}/Pods/Target Support Files/Pods-iOS-Email-Client/Pods-iOS-Email-Client-resources.sh",
				"${PODS_ROOT}/GoogleSignIn/Resources/GoogleSignIn.bundle",
			);
			name = "[CP] Copy Pods Resources";
			outputPaths = (
				"${TARGET_BUILD_DIR}/${UNLOCALIZED_RESOURCES_FOLDER_PATH}",
			);
			runOnlyForDeploymentPostprocessing = 0;
			shellPath = /bin/sh;
			shellScript = "\"${SRCROOT}/Pods/Target Support Files/Pods-iOS-Email-Client/Pods-iOS-Email-Client-resources.sh\"\n";
			showEnvVarsInLog = 0;
		};
		7C4D4FE9203CBD3A00DF6E4E /* Run Script Framework */ = {
			isa = PBXShellScriptBuildPhase;
			buildActionMask = 2147483647;
			files = (
			);
			inputPaths = (
				"$(SRCROOT)/Carthage/Build/iOS/SignalProtocolFramework.framework",
			);
			name = "Run Script Framework";
			outputPaths = (
				"$(BUILT_PRODUCTS_DIR)/$(FRAMEWORKS_FOLDER_PATH)/SignalProtocolFramework.framework",
			);
			runOnlyForDeploymentPostprocessing = 0;
			shellPath = /bin/sh;
			shellScript = "/usr/local/bin/carthage copy-frameworks\n";
		};
		9E4ABEF57B503BF0BDDD71D5 /* [CP] Embed Pods Frameworks */ = {
			isa = PBXShellScriptBuildPhase;
			buildActionMask = 2147483647;
			files = (
			);
			inputPaths = (
				"${SRCROOT}/Pods/Target Support Files/Pods-iOS-Email-Client/Pods-iOS-Email-Client-frameworks.sh",
				"${BUILT_PRODUCTS_DIR}/AFNetworking/AFNetworking.framework",
				"${BUILT_PRODUCTS_DIR}/Alamofire/Alamofire.framework",
				"${BUILT_PRODUCTS_DIR}/CICropPicker/CICropPicker.framework",
				"${BUILT_PRODUCTS_DIR}/CLTokenInputView/CLTokenInputView.framework",
				"${BUILT_PRODUCTS_DIR}/FLAnimatedImage/FLAnimatedImage.framework",
				"${BUILT_PRODUCTS_DIR}/GTMOAuth2/GTMOAuth2.framework",
				"${BUILT_PRODUCTS_DIR}/GTMSessionFetcher/GTMSessionFetcher.framework",
				"${BUILT_PRODUCTS_DIR}/GoogleAPIClientForREST/GoogleAPIClientForREST.framework",
				"${BUILT_PRODUCTS_DIR}/GoogleToolboxForMac/GoogleToolboxForMac.framework",
				"${BUILT_PRODUCTS_DIR}/IQKeyboardManagerSwift/IQKeyboardManagerSwift.framework",
				"${BUILT_PRODUCTS_DIR}/M13Checkbox/M13Checkbox.framework",
				"${BUILT_PRODUCTS_DIR}/MIBadgeButton-Swift/MIBadgeButton_Swift.framework",
				"${BUILT_PRODUCTS_DIR}/MMMaterialDesignSpinner/MMMaterialDesignSpinner.framework",
				"${BUILT_PRODUCTS_DIR}/Material/Material.framework",
				"${BUILT_PRODUCTS_DIR}/MonkeyKit/MonkeyKit.framework",
				"${BUILT_PRODUCTS_DIR}/Protobuf/Protobuf.framework",
				"${BUILT_PRODUCTS_DIR}/Realm/Realm.framework",
				"${BUILT_PRODUCTS_DIR}/RealmSwift/RealmSwift.framework",
				"${BUILT_PRODUCTS_DIR}/RichEditorView/RichEditorView.framework",
				"${BUILT_PRODUCTS_DIR}/SDWebImage/SDWebImage.framework",
				"${BUILT_PRODUCTS_DIR}/SwiftSoup/SwiftSoup.framework",
				"${BUILT_PRODUCTS_DIR}/SwiftWebSocket/SwiftWebSocket.framework",
				"${BUILT_PRODUCTS_DIR}/SwiftyJSON/SwiftyJSON.framework",
				"${BUILT_PRODUCTS_DIR}/TPCustomSwitch/TPCustomSwitch.framework",
				"${BUILT_PRODUCTS_DIR}/UICKeyChainStore/UICKeyChainStore.framework",
				"${BUILT_PRODUCTS_DIR}/UIImageView-Letters/UIImageView_Letters.framework",
			);
			name = "[CP] Embed Pods Frameworks";
			outputPaths = (
				"${TARGET_BUILD_DIR}/${FRAMEWORKS_FOLDER_PATH}/AFNetworking.framework",
				"${TARGET_BUILD_DIR}/${FRAMEWORKS_FOLDER_PATH}/Alamofire.framework",
				"${TARGET_BUILD_DIR}/${FRAMEWORKS_FOLDER_PATH}/CICropPicker.framework",
				"${TARGET_BUILD_DIR}/${FRAMEWORKS_FOLDER_PATH}/CLTokenInputView.framework",
				"${TARGET_BUILD_DIR}/${FRAMEWORKS_FOLDER_PATH}/FLAnimatedImage.framework",
				"${TARGET_BUILD_DIR}/${FRAMEWORKS_FOLDER_PATH}/GTMOAuth2.framework",
				"${TARGET_BUILD_DIR}/${FRAMEWORKS_FOLDER_PATH}/GTMSessionFetcher.framework",
				"${TARGET_BUILD_DIR}/${FRAMEWORKS_FOLDER_PATH}/GoogleAPIClientForREST.framework",
				"${TARGET_BUILD_DIR}/${FRAMEWORKS_FOLDER_PATH}/GoogleToolboxForMac.framework",
				"${TARGET_BUILD_DIR}/${FRAMEWORKS_FOLDER_PATH}/IQKeyboardManagerSwift.framework",
				"${TARGET_BUILD_DIR}/${FRAMEWORKS_FOLDER_PATH}/M13Checkbox.framework",
				"${TARGET_BUILD_DIR}/${FRAMEWORKS_FOLDER_PATH}/MIBadgeButton_Swift.framework",
				"${TARGET_BUILD_DIR}/${FRAMEWORKS_FOLDER_PATH}/MMMaterialDesignSpinner.framework",
				"${TARGET_BUILD_DIR}/${FRAMEWORKS_FOLDER_PATH}/Material.framework",
				"${TARGET_BUILD_DIR}/${FRAMEWORKS_FOLDER_PATH}/MonkeyKit.framework",
				"${TARGET_BUILD_DIR}/${FRAMEWORKS_FOLDER_PATH}/Protobuf.framework",
				"${TARGET_BUILD_DIR}/${FRAMEWORKS_FOLDER_PATH}/Realm.framework",
				"${TARGET_BUILD_DIR}/${FRAMEWORKS_FOLDER_PATH}/RealmSwift.framework",
				"${TARGET_BUILD_DIR}/${FRAMEWORKS_FOLDER_PATH}/RichEditorView.framework",
				"${TARGET_BUILD_DIR}/${FRAMEWORKS_FOLDER_PATH}/SDWebImage.framework",
				"${TARGET_BUILD_DIR}/${FRAMEWORKS_FOLDER_PATH}/SwiftSoup.framework",
				"${TARGET_BUILD_DIR}/${FRAMEWORKS_FOLDER_PATH}/SwiftWebSocket.framework",
				"${TARGET_BUILD_DIR}/${FRAMEWORKS_FOLDER_PATH}/SwiftyJSON.framework",
				"${TARGET_BUILD_DIR}/${FRAMEWORKS_FOLDER_PATH}/TPCustomSwitch.framework",
				"${TARGET_BUILD_DIR}/${FRAMEWORKS_FOLDER_PATH}/UICKeyChainStore.framework",
				"${TARGET_BUILD_DIR}/${FRAMEWORKS_FOLDER_PATH}/UIImageView_Letters.framework",
			);
			runOnlyForDeploymentPostprocessing = 0;
			shellPath = /bin/sh;
			shellScript = "\"${SRCROOT}/Pods/Target Support Files/Pods-iOS-Email-Client/Pods-iOS-Email-Client-frameworks.sh\"\n";
			showEnvVarsInLog = 0;
		};
/* End PBXShellScriptBuildPhase section */

/* Begin PBXSourcesBuildPhase section */
		41B6AAA82017987500D428B7 /* Sources */ = {
			isa = PBXSourcesBuildPhase;
			buildActionMask = 2147483647;
			files = (
				41AAC53F201A9FCD00809C4D /* PreviewItem.swift in Sources */,
				7CDB4662203F0C9F007C9637 /* Feed.swift in Sources */,
				7CA794B9204F3B2A000AC986 /* CRTrustedDevice.swift in Sources */,
				41AAC51D201A9FC300809C4D /* DetailThreadTableViewCell.swift in Sources */,
				41AAC55C201B927E00809C4D /* KMAccordionTableViewController.m in Sources */,
				41AAC51E201A9FC300809C4D /* TimerUIPopover.swift in Sources */,
				41AAC504201A9FAD00809C4D /* ComposeViewController.swift in Sources */,
				7C8D6C7220371FA500AB96EF /* ConnectDeviceViewController.swift in Sources */,
				7CDAD26A2040B80A0080A32C /* CriptextPreKeyStore.swift in Sources */,
				41AAC4FF201A9FAD00809C4D /* MoveMailViewController.swift in Sources */,
				411FDF71204CF93300BCD787 /* InitialsImageView.swift in Sources */,
				41AAC538201A9FCD00809C4D /* Attachment.swift in Sources */,
				41AAC503201A9FAD00809C4D /* HeaderViewController.swift in Sources */,
				7C34E5FB20470D2100E71906 /* EmailDetailData.swift in Sources */,
				41AAC557201AA08500809C4D /* DateUtils.m in Sources */,
				41AAC52C201A9FC300809C4D /* InboxTableViewCell.swift in Sources */,
				7CDB4660203F0C2A007C9637 /* FeedsData.swift in Sources */,
				41AAC4FE201A9FAD00809C4D /* AttachmentViewController.swift in Sources */,
				41AAC4FA201A9FAD00809C4D /* InboxViewController.swift in Sources */,
				41AAC501201A9FAD00809C4D /* DetailViewController.swift in Sources */,
				7C8D6C702036491100AB96EF /* LoginData.swift in Sources */,
				41AAC537201A9FCD00809C4D /* Email.swift in Sources */,
				7C154FD3204DEBAF00D72F6E /* Account.swift in Sources */,
				7C154FD1204DE76B00D72F6E /* CriptextAxolotlStore.swift in Sources */,
				7C8D6C762038C1C200AB96EF /* ProgressArrowUIView.swift in Sources */,
				41AAC543201AA00000809C4D /* ContactManager.swift in Sources */,
				41AAC56A201B92CC00809C4D /* KMSectionHeaderView.m in Sources */,
				414E7D4E203F2B8A0088C647 /* NavigationToolbarView.swift in Sources */,
				7C50C693202E3A3000FED2E8 /* TipUIView.swift in Sources */,
				7C8D6C682035F42B00AB96EF /* CircleBackButton.swift in Sources */,
				7C4D4FEB203DDEF400DF6E4E /* CRPreKeyRecord.swift in Sources */,
				41AAC51F201A9FC300809C4D /* OpenUIPopover.swift in Sources */,
				41AAC539201A9FCD00809C4D /* Contact.swift in Sources */,
				41AAC527201A9FC300809C4D /* CriptextSpinner.swift in Sources */,
				7CDB465C203E2FF2007C9637 /* FeedTableViewCell.swift in Sources */,
				41AAC500201A9FAD00809C4D /* TourViewController.swift in Sources */,
				7CBD20C52025141F00D70B87 /* GradientUIView.swift in Sources */,
				41AAC53D201A9FCD00809C4D /* ShareActivityItemProvider.swift in Sources */,
				7C8D6C6A2035FCD700AB96EF /* LoginDeviceViewController.swift in Sources */,
				41AAC53C201A9FCD00809C4D /* URLActivityItemProvider.swift in Sources */,
				41AAC4FD201A9FAD00809C4D /* DetailThreadViewController.swift in Sources */,
				41AAC541201A9FF500809C4D /* APIManager.swift in Sources */,
				41AAC505201A9FAD00809C4D /* SignatureViewController.swift in Sources */,
				41AAC4FB201A9FAD00809C4D /* ThreadViewController.swift in Sources */,
				7CDAD26E2040BE340080A32C /* CriptextIdentityKeyStore.swift in Sources */,
				41AAC547201AA01F00809C4D /* Extensions.swift in Sources */,
				7C8D6C74203735E000AB96EF /* Constants.swift in Sources */,
				41AAC51A201A9FC300809C4D /* ActivityTableViewCell.swift in Sources */,
				7C8D6C6E20362F8600AB96EF /* ResetDeviceViewController.swift in Sources */,
				954BDB0420486AF9009ED8F1 /* ContactTableViewCell.swift in Sources */,
				41AAC53E201A9FCD00809C4D /* Open.swift in Sources */,
				7C8D6C642034A4D800AB96EF /* StatusTextField.swift in Sources */,
				41AAC522201A9FC300809C4D /* AttachmentTableViewCell.swift in Sources */,
				7CA794B7204F30AB000AC986 /* CRSessionRecord.swift in Sources */,
				41AAC53A201A9FCD00809C4D /* Activity.swift in Sources */,
				7C8A9AED2052E9CA0096EEB8 /* CriptextDrawerController.swift in Sources */,
				41AAC562201B92A400809C4D /* KMSection.m in Sources */,
				7C8F1B69203C7A3500D30DCC /* SignUpData.swift in Sources */,
				41AAC52A201A9FC300809C4D /* GoogleButton.swift in Sources */,
				7CBD20C7202A367B00D70B87 /* SignUpViewController.swift in Sources */,
				41AAC4FC201A9FAD00809C4D /* ActivityViewController.swift in Sources */,
				41B6AAB02017987500D428B7 /* AppDelegate.swift in Sources */,
				41AAC52D201A9FC300809C4D /* MoveMailTableViewCell.swift in Sources */,
				7CF0CFD5204611D300781DE6 /* EmailTableViewCell.swift in Sources */,
				41AAC563201B92A400809C4D /* KMAppearence.m in Sources */,
				7CBD20C12024BCD700D70B87 /* NewLoginViewController.swift in Sources */,
				7C4D4FED203DFFD700DF6E4E /* CounterLabelUIView.swift in Sources */,
				41AAC4F9201A9FAD00809C4D /* ListLabelViewController.swift in Sources */,
				41AAC545201AA01500809C4D /* DBManager.swift in Sources */,
				7CFBD9A1204DA97500A7786D /* TableEndViewCell.swift in Sources */,
				7CDAD27320449A730080A32C /* CRSignedPreKeyRecord.swift in Sources */,
				7CF0CFD320460DD200781DE6 /* EmailDetailViewController.swift in Sources */,
				7CDB465E203E336A007C9637 /* FeedViewController.swift in Sources */,
				7C50C691202E12C000FED2E8 /* CreatingAccountViewController.swift in Sources */,
				7CDAD26C2040BAF40080A32C /* CriptextSignedPreKeyStore.swift in Sources */,
				7CDAD2682040A9FE0080A32C /* CriptextSessionStore.swift in Sources */,
				41AAC523201A9FC300809C4D /* AttachmentUIPopover.swift in Sources */,
				7C8D6C6C2036008700AB96EF /* DotsProgressUIView.swift in Sources */,
				41AAC529201A9FC300809C4D /* GenericUIPopover.swift in Sources */,
				41AAC520201A9FC300809C4D /* DetailGuideView.swift in Sources */,
				7C34E5FD204716BD00E71906 /* EmailDetail.swift in Sources */,
				7C34E6052049E84500E71906 /* EmailDetailFooterCell.swift in Sources */,
				41AAC53B201A9FCD00809C4D /* User.swift in Sources */,
				7C34E5FF2048BCBA00E71906 /* ReplyDetailUIView.swift in Sources */,
				7C8D6C662034D1D600AB96EF /* WebViewViewController.swift in Sources */,
			);
			runOnlyForDeploymentPostprocessing = 0;
		};
		41B6AABC2017987500D428B7 /* Sources */ = {
			isa = PBXSourcesBuildPhase;
			buildActionMask = 2147483647;
			files = (
				41B6AAC52017987500D428B7 /* iOS_Email_ClientTests.swift in Sources */,
			);
			runOnlyForDeploymentPostprocessing = 0;
		};
/* End PBXSourcesBuildPhase section */

/* Begin PBXTargetDependency section */
		41B6AAC22017987500D428B7 /* PBXTargetDependency */ = {
			isa = PBXTargetDependency;
			target = 41B6AAAB2017987500D428B7 /* iOS-Email-Client */;
			targetProxy = 41B6AAC12017987500D428B7 /* PBXContainerItemProxy */;
		};
/* End PBXTargetDependency section */

/* Begin PBXVariantGroup section */
		41B6AAB32017987500D428B7 /* Main.storyboard */ = {
			isa = PBXVariantGroup;
			children = (
				41B6AAB42017987500D428B7 /* Base */,
			);
			name = Main.storyboard;
			sourceTree = "<group>";
		};
		41B6AAB82017987500D428B7 /* LaunchScreen.storyboard */ = {
			isa = PBXVariantGroup;
			children = (
				41B6AAB92017987500D428B7 /* Base */,
			);
			name = LaunchScreen.storyboard;
			sourceTree = "<group>";
		};
/* End PBXVariantGroup section */

/* Begin XCBuildConfiguration section */
		41B6AAC72017987500D428B7 /* Debug */ = {
			isa = XCBuildConfiguration;
			buildSettings = {
				ALWAYS_SEARCH_USER_PATHS = NO;
				CLANG_ANALYZER_NONNULL = YES;
				CLANG_ANALYZER_NUMBER_OBJECT_CONVERSION = YES_AGGRESSIVE;
				CLANG_CXX_LANGUAGE_STANDARD = "gnu++14";
				CLANG_CXX_LIBRARY = "libc++";
				CLANG_ENABLE_MODULES = YES;
				CLANG_ENABLE_OBJC_ARC = YES;
				CLANG_WARN_BLOCK_CAPTURE_AUTORELEASING = YES;
				CLANG_WARN_BOOL_CONVERSION = YES;
				CLANG_WARN_COMMA = YES;
				CLANG_WARN_CONSTANT_CONVERSION = YES;
				CLANG_WARN_DIRECT_OBJC_ISA_USAGE = YES_ERROR;
				CLANG_WARN_DOCUMENTATION_COMMENTS = YES;
				CLANG_WARN_EMPTY_BODY = YES;
				CLANG_WARN_ENUM_CONVERSION = YES;
				CLANG_WARN_INFINITE_RECURSION = YES;
				CLANG_WARN_INT_CONVERSION = YES;
				CLANG_WARN_NON_LITERAL_NULL_CONVERSION = YES;
				CLANG_WARN_OBJC_LITERAL_CONVERSION = YES;
				CLANG_WARN_OBJC_ROOT_CLASS = YES_ERROR;
				CLANG_WARN_RANGE_LOOP_ANALYSIS = YES;
				CLANG_WARN_STRICT_PROTOTYPES = YES;
				CLANG_WARN_SUSPICIOUS_MOVE = YES;
				CLANG_WARN_UNGUARDED_AVAILABILITY = YES_AGGRESSIVE;
				CLANG_WARN_UNREACHABLE_CODE = YES;
				CLANG_WARN__DUPLICATE_METHOD_MATCH = YES;
				CODE_SIGN_IDENTITY = "iPhone Developer";
				COPY_PHASE_STRIP = NO;
				DEBUG_INFORMATION_FORMAT = dwarf;
				ENABLE_STRICT_OBJC_MSGSEND = YES;
				ENABLE_TESTABILITY = YES;
				GCC_C_LANGUAGE_STANDARD = gnu11;
				GCC_DYNAMIC_NO_PIC = NO;
				GCC_NO_COMMON_BLOCKS = YES;
				GCC_OPTIMIZATION_LEVEL = 0;
				GCC_PREPROCESSOR_DEFINITIONS = (
					"DEBUG=1",
					"$(inherited)",
				);
				GCC_WARN_64_TO_32_BIT_CONVERSION = YES;
				GCC_WARN_ABOUT_RETURN_TYPE = YES_ERROR;
				GCC_WARN_UNDECLARED_SELECTOR = YES;
				GCC_WARN_UNINITIALIZED_AUTOS = YES_AGGRESSIVE;
				GCC_WARN_UNUSED_FUNCTION = YES;
				GCC_WARN_UNUSED_VARIABLE = YES;
				IPHONEOS_DEPLOYMENT_TARGET = 11.2;
				MTL_ENABLE_DEBUG_INFO = YES;
				ONLY_ACTIVE_ARCH = YES;
				SDKROOT = iphoneos;
				SWIFT_ACTIVE_COMPILATION_CONDITIONS = DEBUG;
				SWIFT_OPTIMIZATION_LEVEL = "-Onone";
			};
			name = Debug;
		};
		41B6AAC82017987500D428B7 /* Release */ = {
			isa = XCBuildConfiguration;
			buildSettings = {
				ALWAYS_SEARCH_USER_PATHS = NO;
				CLANG_ANALYZER_NONNULL = YES;
				CLANG_ANALYZER_NUMBER_OBJECT_CONVERSION = YES_AGGRESSIVE;
				CLANG_CXX_LANGUAGE_STANDARD = "gnu++14";
				CLANG_CXX_LIBRARY = "libc++";
				CLANG_ENABLE_MODULES = YES;
				CLANG_ENABLE_OBJC_ARC = YES;
				CLANG_WARN_BLOCK_CAPTURE_AUTORELEASING = YES;
				CLANG_WARN_BOOL_CONVERSION = YES;
				CLANG_WARN_COMMA = YES;
				CLANG_WARN_CONSTANT_CONVERSION = YES;
				CLANG_WARN_DIRECT_OBJC_ISA_USAGE = YES_ERROR;
				CLANG_WARN_DOCUMENTATION_COMMENTS = YES;
				CLANG_WARN_EMPTY_BODY = YES;
				CLANG_WARN_ENUM_CONVERSION = YES;
				CLANG_WARN_INFINITE_RECURSION = YES;
				CLANG_WARN_INT_CONVERSION = YES;
				CLANG_WARN_NON_LITERAL_NULL_CONVERSION = YES;
				CLANG_WARN_OBJC_LITERAL_CONVERSION = YES;
				CLANG_WARN_OBJC_ROOT_CLASS = YES_ERROR;
				CLANG_WARN_RANGE_LOOP_ANALYSIS = YES;
				CLANG_WARN_STRICT_PROTOTYPES = YES;
				CLANG_WARN_SUSPICIOUS_MOVE = YES;
				CLANG_WARN_UNGUARDED_AVAILABILITY = YES_AGGRESSIVE;
				CLANG_WARN_UNREACHABLE_CODE = YES;
				CLANG_WARN__DUPLICATE_METHOD_MATCH = YES;
				CODE_SIGN_IDENTITY = "iPhone Developer";
				COPY_PHASE_STRIP = NO;
				DEBUG_INFORMATION_FORMAT = "dwarf-with-dsym";
				ENABLE_NS_ASSERTIONS = NO;
				ENABLE_STRICT_OBJC_MSGSEND = YES;
				GCC_C_LANGUAGE_STANDARD = gnu11;
				GCC_NO_COMMON_BLOCKS = YES;
				GCC_WARN_64_TO_32_BIT_CONVERSION = YES;
				GCC_WARN_ABOUT_RETURN_TYPE = YES_ERROR;
				GCC_WARN_UNDECLARED_SELECTOR = YES;
				GCC_WARN_UNINITIALIZED_AUTOS = YES_AGGRESSIVE;
				GCC_WARN_UNUSED_FUNCTION = YES;
				GCC_WARN_UNUSED_VARIABLE = YES;
				IPHONEOS_DEPLOYMENT_TARGET = 11.2;
				MTL_ENABLE_DEBUG_INFO = NO;
				SDKROOT = iphoneos;
				SWIFT_OPTIMIZATION_LEVEL = "-Owholemodule";
				VALIDATE_PRODUCT = YES;
			};
			name = Release;
		};
		41B6AACA2017987500D428B7 /* Debug */ = {
			isa = XCBuildConfiguration;
			baseConfigurationReference = B16AC543688994FBF6A77348 /* Pods-iOS-Email-Client.debug.xcconfig */;
			buildSettings = {
				ASSETCATALOG_COMPILER_APPICON_NAME = AppIcon;
				CLANG_ENABLE_MODULES = YES;
				CODE_SIGN_ENTITLEMENTS = "iOS-Email-Client/iOS-Email-Client.entitlements";
				CODE_SIGN_STYLE = Automatic;
				DEVELOPMENT_TEAM = 65NU4336S4;
				FRAMEWORK_SEARCH_PATHS = (
					"$(inherited)",
					"$(PROJECT_DIR)/Carthage/Build/iOS",
				);
				INFOPLIST_FILE = "iOS-Email-Client/Info.plist";
				LD_RUNPATH_SEARCH_PATHS = "$(inherited) @executable_path/Frameworks";
				PRODUCT_BUNDLE_IDENTIFIER = com.criptext.secure.email;
				PRODUCT_NAME = "$(TARGET_NAME)";
				SWIFT_OBJC_BRIDGING_HEADER = "iOS-Email-Client/Libs/iOS-Email-Client-Bridging-Header.h";
				SWIFT_OPTIMIZATION_LEVEL = "-Onone";
				SWIFT_VERSION = 4.0;
				TARGETED_DEVICE_FAMILY = "1,2";
			};
			name = Debug;
		};
		41B6AACB2017987500D428B7 /* Release */ = {
			isa = XCBuildConfiguration;
			baseConfigurationReference = 7D4111C972B5D50DA59075A5 /* Pods-iOS-Email-Client.release.xcconfig */;
			buildSettings = {
				ASSETCATALOG_COMPILER_APPICON_NAME = AppIcon;
				CLANG_ENABLE_MODULES = YES;
				CODE_SIGN_ENTITLEMENTS = "iOS-Email-Client/iOS-Email-Client.entitlements";
				CODE_SIGN_STYLE = Automatic;
				DEVELOPMENT_TEAM = 65NU4336S4;
				FRAMEWORK_SEARCH_PATHS = (
					"$(inherited)",
					"$(PROJECT_DIR)/Carthage/Build/iOS",
				);
				INFOPLIST_FILE = "iOS-Email-Client/Info.plist";
				LD_RUNPATH_SEARCH_PATHS = "$(inherited) @executable_path/Frameworks";
				PRODUCT_BUNDLE_IDENTIFIER = com.criptext.secure.email;
				PRODUCT_NAME = "$(TARGET_NAME)";
				SWIFT_OBJC_BRIDGING_HEADER = "iOS-Email-Client/Libs/iOS-Email-Client-Bridging-Header.h";
				SWIFT_VERSION = 4.0;
				TARGETED_DEVICE_FAMILY = "1,2";
			};
			name = Release;
		};
		41B6AACD2017987500D428B7 /* Debug */ = {
			isa = XCBuildConfiguration;
			buildSettings = {
				ALWAYS_EMBED_SWIFT_STANDARD_LIBRARIES = YES;
				BUNDLE_LOADER = "$(TEST_HOST)";
				CODE_SIGN_STYLE = Automatic;
				DEVELOPMENT_TEAM = 65NU4336S4;
				INFOPLIST_FILE = "iOS-Email-ClientTests/Info.plist";
				LD_RUNPATH_SEARCH_PATHS = "$(inherited) @executable_path/Frameworks @loader_path/Frameworks";
				PRODUCT_BUNDLE_IDENTIFIER = "com.criptext.iOS-Email-ClientTests";
				PRODUCT_NAME = "$(TARGET_NAME)";
				SWIFT_VERSION = 4.0;
				TARGETED_DEVICE_FAMILY = "1,2";
				TEST_HOST = "$(BUILT_PRODUCTS_DIR)/iOS-Email-Client.app/iOS-Email-Client";
			};
			name = Debug;
		};
		41B6AACE2017987500D428B7 /* Release */ = {
			isa = XCBuildConfiguration;
			buildSettings = {
				ALWAYS_EMBED_SWIFT_STANDARD_LIBRARIES = YES;
				BUNDLE_LOADER = "$(TEST_HOST)";
				CODE_SIGN_STYLE = Automatic;
				DEVELOPMENT_TEAM = 65NU4336S4;
				INFOPLIST_FILE = "iOS-Email-ClientTests/Info.plist";
				LD_RUNPATH_SEARCH_PATHS = "$(inherited) @executable_path/Frameworks @loader_path/Frameworks";
				PRODUCT_BUNDLE_IDENTIFIER = "com.criptext.iOS-Email-ClientTests";
				PRODUCT_NAME = "$(TARGET_NAME)";
				SWIFT_VERSION = 4.0;
				TARGETED_DEVICE_FAMILY = "1,2";
				TEST_HOST = "$(BUILT_PRODUCTS_DIR)/iOS-Email-Client.app/iOS-Email-Client";
			};
			name = Release;
		};
/* End XCBuildConfiguration section */

/* Begin XCConfigurationList section */
		41B6AAA72017987500D428B7 /* Build configuration list for PBXProject "iOS-Email-Client" */ = {
			isa = XCConfigurationList;
			buildConfigurations = (
				41B6AAC72017987500D428B7 /* Debug */,
				41B6AAC82017987500D428B7 /* Release */,
			);
			defaultConfigurationIsVisible = 0;
			defaultConfigurationName = Release;
		};
		41B6AAC92017987500D428B7 /* Build configuration list for PBXNativeTarget "iOS-Email-Client" */ = {
			isa = XCConfigurationList;
			buildConfigurations = (
				41B6AACA2017987500D428B7 /* Debug */,
				41B6AACB2017987500D428B7 /* Release */,
			);
			defaultConfigurationIsVisible = 0;
			defaultConfigurationName = Release;
		};
		41B6AACC2017987500D428B7 /* Build configuration list for PBXNativeTarget "iOS-Email-ClientTests" */ = {
			isa = XCConfigurationList;
			buildConfigurations = (
				41B6AACD2017987500D428B7 /* Debug */,
				41B6AACE2017987500D428B7 /* Release */,
			);
			defaultConfigurationIsVisible = 0;
			defaultConfigurationName = Release;
		};
/* End XCConfigurationList section */
	};
	rootObject = 41B6AAA42017987500D428B7 /* Project object */;
}
