<?xml version="1.0" encoding="UTF-8"?>
<Scheme
   LastUpgradeVersion = "1220"
   version = "1.7">
   <BuildAction
      parallelizeBuildables = "YES"
      buildImplicitDependencies = "YES">
      <PostActions>
         <ExecutionAction
            ActionType = "Xcode.IDEStandardExecutionActionsCore.ExecutionActionType.ShellScriptAction">
            <ActionContent
               title = "Run Script"
               scriptText = "#https://github.com/firebase/firebase-ios-sdk/issues/6472#issuecomment-707793520&#10;rm -rf &quot;${TARGET_BUILD_DIR}/${TARGET_NAME}.app/Frameworks/FirebaseAnalytics.framework&quot;&#10;rm -rf &quot;${TARGET_BUILD_DIR}/${TARGET_NAME}.app/Frameworks/GoogleAppMeasurement.framework&quot;&#10;rm -rf &quot;${TARGET_BUILD_DIR}/${TARGET_NAME}.app/PlugIns/FirebaseAnalytics.framework&quot;&#10;rm -rf &quot;${TARGET_BUILD_DIR}/${TARGET_NAME}.app/PlugIns/GoogleAppMeasurement.framework&quot;&#10;">
               <EnvironmentBuildable>
                  <BuildableReference
                     BuildableIdentifier = "primary"
                     BlueprintIdentifier = "41B6AAAB2017987500D428B7"
                     BuildableName = "iOS-Email-Client.app"
                     BlueprintName = "iOS-Email-Client"
                     ReferencedContainer = "container:iOS-Email-Client.xcodeproj">
                  </BuildableReference>
               </EnvironmentBuildable>
            </ActionContent>
         </ExecutionAction>
      </PostActions>
      <BuildActionEntries>
         <BuildActionEntry
            buildForTesting = "YES"
            buildForRunning = "YES"
            buildForProfiling = "YES"
            buildForArchiving = "YES"
            buildForAnalyzing = "YES">
            <BuildableReference
               BuildableIdentifier = "primary"
               BlueprintIdentifier = "41B6AAAB2017987500D428B7"
               BuildableName = "iOS-Email-Client.app"
               BlueprintName = "iOS-Email-Client"
               ReferencedContainer = "container:iOS-Email-Client.xcodeproj">
            </BuildableReference>
         </BuildActionEntry>
      </BuildActionEntries>
   </BuildAction>
   <TestAction
      buildConfiguration = "Debug"
      selectedDebuggerIdentifier = "Xcode.DebuggerFoundation.Debugger.LLDB"
      selectedLauncherIdentifier = "Xcode.DebuggerFoundation.Launcher.LLDB"
      shouldUseLaunchSchemeArgsEnv = "NO">
      <MacroExpansion>
         <BuildableReference
            BuildableIdentifier = "primary"
            BlueprintIdentifier = "41B6AAAB2017987500D428B7"
            BuildableName = "iOS-Email-Client.app"
            BlueprintName = "iOS-Email-Client"
            ReferencedContainer = "container:iOS-Email-Client.xcodeproj">
         </BuildableReference>
      </MacroExpansion>
      <EnvironmentVariables>
         <EnvironmentVariable
            key = "isTest"
            value = "true"
            isEnabled = "YES">
         </EnvironmentVariable>
      </EnvironmentVariables>
      <Testables>
         <TestableReference
            skipped = "NO">
            <BuildableReference
               BuildableIdentifier = "primary"
               BlueprintIdentifier = "41B6AABF2017987500D428B7"
               BuildableName = "iOS-Email-ClientTests.xctest"
               BlueprintName = "iOS-Email-ClientTests"
               ReferencedContainer = "container:iOS-Email-Client.xcodeproj">
            </BuildableReference>
         </TestableReference>
      </Testables>
   </TestAction>
   <LaunchAction
      buildConfiguration = "Debug"
      selectedDebuggerIdentifier = "Xcode.DebuggerFoundation.Debugger.LLDB"
      selectedLauncherIdentifier = "Xcode.DebuggerFoundation.Launcher.LLDB"
      launchStyle = "0"
      useCustomWorkingDirectory = "NO"
      ignoresPersistentStateOnLaunch = "NO"
      debugDocumentVersioning = "YES"
      debugServiceExtension = "internal"
      allowLocationSimulation = "YES">
      <BuildableProductRunnable
         runnableDebuggingMode = "0">
         <BuildableReference
            BuildableIdentifier = "primary"
            BlueprintIdentifier = "41B6AAAB2017987500D428B7"
            BuildableName = "iOS-Email-Client.app"
            BlueprintName = "iOS-Email-Client"
            ReferencedContainer = "container:iOS-Email-Client.xcodeproj">
         </BuildableReference>
      </BuildableProductRunnable>
      <CommandLineArguments>
         <CommandLineArgument
            argument = "-FIRAnalyticsDebugEnabled"
            isEnabled = "NO">
         </CommandLineArgument>
         <CommandLineArgument
            argument = "FIRDebugEnabled"
            isEnabled = "NO">
         </CommandLineArgument>
      </CommandLineArguments>
      <AdditionalOptions>
         <AdditionalOption
            key = "MallocStackLogging"
            value = ""
            isEnabled = "YES">
         </AdditionalOption>
         <AdditionalOption
            key = "PrefersMallocStackLoggingLite"
            value = ""
            isEnabled = "YES">
         </AdditionalOption>
      </AdditionalOptions>
   </LaunchAction>
   <ProfileAction
      buildConfiguration = "Release"
      shouldUseLaunchSchemeArgsEnv = "YES"
      savedToolIdentifier = ""
      useCustomWorkingDirectory = "NO"
      debugDocumentVersioning = "YES">
      <BuildableProductRunnable
         runnableDebuggingMode = "0">
         <BuildableReference
            BuildableIdentifier = "primary"
            BlueprintIdentifier = "41B6AAAB2017987500D428B7"
            BuildableName = "iOS-Email-Client.app"
            BlueprintName = "iOS-Email-Client"
            ReferencedContainer = "container:iOS-Email-Client.xcodeproj">
         </BuildableReference>
      </BuildableProductRunnable>
   </ProfileAction>
   <AnalyzeAction
      buildConfiguration = "Release">
   </AnalyzeAction>
   <ArchiveAction
      buildConfiguration = "Release"
      revealArchiveInOrganizer = "YES">
   </ArchiveAction>
</Scheme>
